// !$*UTF8*$!
{
	archiveVersion = 1;
	classes = {
	};
	objectVersion = 46;
	objects = {

/* Begin PBXBuildFile section */
		0900A3821B04A10800C249D9 /* Images.xcassets in Resources */ = {isa = PBXBuildFile; fileRef = 0900A3811B04A10800C249D9 /* Images.xcassets */; };
		0901C1BC17BE2F970032904B /* AGGenericShader.mm in Sources */ = {isa = PBXBuildFile; fileRef = 0901C1BA17BE2F970032904B /* AGGenericShader.mm */; };
		0901C1C017BE3C460032904B /* SourceCodePro-Regular.ttf in Resources */ = {isa = PBXBuildFile; fileRef = 0901C1BF17BE3C460032904B /* SourceCodePro-Regular.ttf */; };
		0901C1C217BE3C4B0032904B /* eichante.ttf in Resources */ = {isa = PBXBuildFile; fileRef = 0901C1C117BE3C4B0032904B /* eichante.ttf */; };
		090354F51A325CCD00F68107 /* Microgramma.ttf in Resources */ = {isa = PBXBuildFile; fileRef = 090354F41A325CCD00F68107 /* Microgramma.ttf */; };
		090354F71A329EAA00F68107 /* bankgthd.ttf in Resources */ = {isa = PBXBuildFile; fileRef = 090354F61A329EAA00F68107 /* bankgthd.ttf */; };
		091081801A0B63DB0063028B /* AGStyle.mm in Sources */ = {isa = PBXBuildFile; fileRef = 0910817E1A0B63DB0063028B /* AGStyle.mm */; };
		091C70CC1C48A9A600B513C2 /* AGUINodeEditor.mm in Sources */ = {isa = PBXBuildFile; fileRef = 091C70CA1C48A9A600B513C2 /* AGUINodeEditor.mm */; };
		0927D7E01ADCE4E000AD8AE5 /* AGInputNode.mm in Sources */ = {isa = PBXBuildFile; fileRef = 0927D7DE1ADCE4E000AD8AE5 /* AGInputNode.mm */; };
		093395671A00FABC009E4802 /* Endzone Tech.ttf in Resources */ = {isa = PBXBuildFile; fileRef = 093395661A00FABC009E4802 /* Endzone Tech.ttf */; };
		093395691A019D43009E4802 /* Orbitron-Regular.ttf in Resources */ = {isa = PBXBuildFile; fileRef = 093395681A019D43009E4802 /* Orbitron-Regular.ttf */; };
		0933956B1A019E4F009E4802 /* Orbitron-Medium.ttf in Resources */ = {isa = PBXBuildFile; fileRef = 0933956A1A019E4F009E4802 /* Orbitron-Medium.ttf */; };
		0933956E1A08799A009E4802 /* AGFormulaNode.mm in Sources */ = {isa = PBXBuildFile; fileRef = 0933956C1A08799A009E4802 /* AGFormulaNode.mm */; };
		093395711A088612009E4802 /* AGArrayNode.mm in Sources */ = {isa = PBXBuildFile; fileRef = 0933956F1A088612009E4802 /* AGArrayNode.mm */; };
		093395741A088849009E4802 /* AGControlNode.mm in Sources */ = {isa = PBXBuildFile; fileRef = 093395721A088849009E4802 /* AGControlNode.mm */; };
		093395771A08BFAC009E4802 /* AGNodeSelector.mm in Sources */ = {isa = PBXBuildFile; fileRef = 093395751A08BFAC009E4802 /* AGNodeSelector.mm */; };
		0933957A1A0A3785009E4802 /* AGAboutBox.mm in Sources */ = {isa = PBXBuildFile; fileRef = 093395781A0A3785009E4802 /* AGAboutBox.mm */; };
		09412E061A205A070065598D /* AGDocument.mm in Sources */ = {isa = PBXBuildFile; fileRef = 09412E041A205A070065598D /* AGDocument.mm */; };
		09412E091A210B630065598D /* sputil.cpp in Sources */ = {isa = PBXBuildFile; fileRef = 09412E071A210B630065598D /* sputil.cpp */; };
		09412E0C1A2112300065598D /* NSString+STLString.mm in Sources */ = {isa = PBXBuildFile; fileRef = 09412E0B1A2112300065598D /* NSString+STLString.mm */; };
		095D12C417ACA36C0048A012 /* UIKit.framework in Frameworks */ = {isa = PBXBuildFile; fileRef = 095D12C317ACA36C0048A012 /* UIKit.framework */; };
		095D12C617ACA36C0048A012 /* Foundation.framework in Frameworks */ = {isa = PBXBuildFile; fileRef = 095D12C517ACA36C0048A012 /* Foundation.framework */; };
		095D12C817ACA36C0048A012 /* CoreGraphics.framework in Frameworks */ = {isa = PBXBuildFile; fileRef = 095D12C717ACA36C0048A012 /* CoreGraphics.framework */; };
		095D12CA17ACA36C0048A012 /* GLKit.framework in Frameworks */ = {isa = PBXBuildFile; fileRef = 095D12C917ACA36C0048A012 /* GLKit.framework */; };
		095D12CC17ACA36C0048A012 /* OpenGLES.framework in Frameworks */ = {isa = PBXBuildFile; fileRef = 095D12CB17ACA36C0048A012 /* OpenGLES.framework */; };
		095D12D217ACA36C0048A012 /* InfoPlist.strings in Resources */ = {isa = PBXBuildFile; fileRef = 095D12D017ACA36C0048A012 /* InfoPlist.strings */; };
		095D12D417ACA36C0048A012 /* main.m in Sources */ = {isa = PBXBuildFile; fileRef = 095D12D317ACA36C0048A012 /* main.m */; };
		095D12D817ACA36C0048A012 /* AGAppDelegate.mm in Sources */ = {isa = PBXBuildFile; fileRef = 095D12D717ACA36C0048A012 /* AGAppDelegate.mm */; };
		095D12DA17ACA36C0048A012 /* Default.png in Resources */ = {isa = PBXBuildFile; fileRef = 095D12D917ACA36C0048A012 /* Default.png */; };
		095D12DC17ACA36C0048A012 /* Default@2x.png in Resources */ = {isa = PBXBuildFile; fileRef = 095D12DB17ACA36C0048A012 /* Default@2x.png */; };
		095D12DE17ACA36C0048A012 /* Default-568h@2x.png in Resources */ = {isa = PBXBuildFile; fileRef = 095D12DD17ACA36C0048A012 /* Default-568h@2x.png */; };
		095D12E517ACA36C0048A012 /* AGViewController.mm in Sources */ = {isa = PBXBuildFile; fileRef = 095D12E417ACA36C0048A012 /* AGViewController.mm */; };
		095D12E817ACA36C0048A012 /* AGViewController.xib in Resources */ = {isa = PBXBuildFile; fileRef = 095D12E617ACA36C0048A012 /* AGViewController.xib */; };
		095D12FB17ACAA100048A012 /* Geometry.cpp in Sources */ = {isa = PBXBuildFile; fileRef = 095D12F617ACAA100048A012 /* Geometry.cpp */; };
		095D12FC17ACAA100048A012 /* Texture.mm in Sources */ = {isa = PBXBuildFile; fileRef = 095D12FA17ACAA100048A012 /* Texture.mm */; };
		095D12FF17ACAB7B0048A012 /* ShaderHelper.mm in Sources */ = {isa = PBXBuildFile; fileRef = 095D12FE17ACAB7B0048A012 /* ShaderHelper.mm */; };
		095E851F17B354BE0065EF8E /* libcommon.a in Frameworks */ = {isa = PBXBuildFile; fileRef = 095E850F17B354BE0065EF8E /* libcommon.a */; };
		095E852217B354BE0065EF8E /* liblipiengine.a in Frameworks */ = {isa = PBXBuildFile; fileRef = 095E851217B354BE0065EF8E /* liblipiengine.a */; };
		095E852517B354BE0065EF8E /* libnn.a in Frameworks */ = {isa = PBXBuildFile; fileRef = 095E851517B354BE0065EF8E /* libnn.a */; };
		095E852717B354BE0065EF8E /* libpointfloat.a in Frameworks */ = {isa = PBXBuildFile; fileRef = 095E851717B354BE0065EF8E /* libpointfloat.a */; };
		095E852817B354BE0065EF8E /* libpreproc.a in Frameworks */ = {isa = PBXBuildFile; fileRef = 095E851817B354BE0065EF8E /* libpreproc.a */; };
		095E852B17B354BE0065EF8E /* libutil.a in Frameworks */ = {isa = PBXBuildFile; fileRef = 095E851B17B354BE0065EF8E /* libutil.a */; };
		095E852C17B354BE0065EF8E /* libwordreccommon.a in Frameworks */ = {isa = PBXBuildFile; fileRef = 095E851C17B354BE0065EF8E /* libwordreccommon.a */; };
		095E853117B358FC0065EF8E /* shaperectst.mm in Sources */ = {isa = PBXBuildFile; fileRef = 095E852F17B358FC0065EF8E /* shaperectst.mm */; };
		095E854217B5E1D30065EF8E /* AGHandwritingRecognizer.mm in Sources */ = {isa = PBXBuildFile; fileRef = 095E854117B5E1D30065EF8E /* AGHandwritingRecognizer.mm */; };
		096F42051D9CF04600600717 /* AGWaveformAudioNode.mm in Sources */ = {isa = PBXBuildFile; fileRef = 096F42031D9CF04600600717 /* AGWaveformAudioNode.mm */; };
		09817F3919F87CC7000E9FB3 /* GeoGenerator.cpp in Sources */ = {isa = PBXBuildFile; fileRef = 09817F3819F87CC7000E9FB3 /* GeoGenerator.cpp */; };
		0985E5361D8C952800B536C8 /* AGInteractiveObject.mm in Sources */ = {isa = PBXBuildFile; fileRef = 0985E5341D8C952800B536C8 /* AGInteractiveObject.mm */; };
		0987409C17B98D7C0098511A /* AGNode.mm in Sources */ = {isa = PBXBuildFile; fileRef = 0987409A17B98D7C0098511A /* AGNode.mm */; };
		098740A017BA2AB90098511A /* mo_audio.mm in Sources */ = {isa = PBXBuildFile; fileRef = 0987409E17BA2AB90098511A /* mo_audio.mm */; };
		098740A317BA2EA70098511A /* AGAudioManager.mm in Sources */ = {isa = PBXBuildFile; fileRef = 098740A217BA2EA70098511A /* AGAudioManager.mm */; };
		098740A617BA317E0098511A /* AudioToolbox.framework in Frameworks */ = {isa = PBXBuildFile; fileRef = 098740A417BA317E0098511A /* AudioToolbox.framework */; };
		098740AA17BB99DE0098511A /* TexFont.mm in Sources */ = {isa = PBXBuildFile; fileRef = 098740A817BB99DE0098511A /* TexFont.mm */; };
		098740AD17BC377E0098511A /* AGAudioNode.mm in Sources */ = {isa = PBXBuildFile; fileRef = 098740AB17BC377E0098511A /* AGAudioNode.mm */; };
		098740B017BC527E0098511A /* ES2Render.mm in Sources */ = {isa = PBXBuildFile; fileRef = 098740AE17BC527E0098511A /* ES2Render.mm */; };
		098740B317BC61410098511A /* AGUserInterface.mm in Sources */ = {isa = PBXBuildFile; fileRef = 098740B117BC61410098511A /* AGUserInterface.mm */; };
		098740B517BCBA4C0098511A /* Consolas.ttf in Resources */ = {isa = PBXBuildFile; fileRef = 098740B417BCBA4C0098511A /* Consolas.ttf */; };
		098740BD17BCD9820098511A /* CoreText.framework in Frameworks */ = {isa = PBXBuildFile; fileRef = 098740BC17BCD9810098511A /* CoreText.framework */; };
		098740BF17BCE0130098511A /* Perfect DOS VGA 437.ttf in Resources */ = {isa = PBXBuildFile; fileRef = 098740BE17BCE0130098511A /* Perfect DOS VGA 437.ttf */; };
		09891313189F6D3A00AB98AD /* trash.png in Resources */ = {isa = PBXBuildFile; fileRef = 09891311189F6D3A00AB98AD /* trash.png */; };
		09891316189F70D200AB98AD /* AGTouchHandler.mm in Sources */ = {isa = PBXBuildFile; fileRef = 09891315189F70D200AB98AD /* AGTouchHandler.mm */; };
		0989131C18A086E800AB98AD /* TexFont.vsh in Resources */ = {isa = PBXBuildFile; fileRef = 098740B717BCC16B0098511A /* TexFont.vsh */; };
		0989131D18A086E800AB98AD /* Screen.vsh in Resources */ = {isa = PBXBuildFile; fileRef = 098C0E1317C4278C00171366 /* Screen.vsh */; };
		0989131E18A086E800AB98AD /* Clip.vsh in Resources */ = {isa = PBXBuildFile; fileRef = 09D9D2E917ECF65D00938871 /* Clip.vsh */; };
		0989131F18A086E800AB98AD /* Shader.vsh in Resources */ = {isa = PBXBuildFile; fileRef = 095D12E117ACA36C0048A012 /* Shader.vsh */; };
		0989132018A086E800AB98AD /* Texture.vsh in Resources */ = {isa = PBXBuildFile; fileRef = 0989131818A07E1200AB98AD /* Texture.vsh */; };
		0989132118A0870000AB98AD /* TexFont.fsh in Resources */ = {isa = PBXBuildFile; fileRef = 098740B617BCC16B0098511A /* TexFont.fsh */; };
		0989132218A0870000AB98AD /* Screen.fsh in Resources */ = {isa = PBXBuildFile; fileRef = 098C0E1217C4278C00171366 /* Screen.fsh */; };
		0989132318A0870000AB98AD /* Clip.fsh in Resources */ = {isa = PBXBuildFile; fileRef = 09D9D2E817ECF65D00938871 /* Clip.fsh */; };
		0989132418A0870000AB98AD /* Shader.fsh in Resources */ = {isa = PBXBuildFile; fileRef = 095D12DF17ACA36C0048A012 /* Shader.fsh */; };
		0989132518A0870000AB98AD /* Texture.fsh in Resources */ = {isa = PBXBuildFile; fileRef = 0989131718A07E1200AB98AD /* Texture.fsh */; };
		098F9B3A19EE49BA00CE2F24 /* AGRenderObject.mm in Sources */ = {isa = PBXBuildFile; fileRef = 098F9B3819EE49BA00CE2F24 /* AGRenderObject.mm */; };
		0991BA7A1D839BB10080175C /* AGCompressorNode.mm in Sources */ = {isa = PBXBuildFile; fileRef = 0991BA781D839BB10080175C /* AGCompressorNode.mm */; };
		0991BA7E1D83A5140080175C /* spdsp.cpp in Sources */ = {isa = PBXBuildFile; fileRef = 0991BA7C1D83A5140080175C /* spdsp.cpp */; };
		099AF10F17CF9EE5000BAB7B /* AURAGRPH-AppIcon144.png in Resources */ = {isa = PBXBuildFile; fileRef = 099AF10E17CF9EE5000BAB7B /* AURAGRPH-AppIcon144.png */; };
		099AF11317D12DD9000BAB7B /* AGTrainerViewController.mm in Sources */ = {isa = PBXBuildFile; fileRef = 099AF11117D12DD9000BAB7B /* AGTrainerViewController.mm */; };
		099AF11417D12DD9000BAB7B /* AGTrainerViewController.xib in Resources */ = {isa = PBXBuildFile; fileRef = 099AF11217D12DD9000BAB7B /* AGTrainerViewController.xib */; };
		099AF11617D13365000BAB7B /* AGTrainerViewCell.xib in Resources */ = {isa = PBXBuildFile; fileRef = 099AF11517D13365000BAB7B /* AGTrainerViewCell.xib */; };
		099AF11817D157C5000BAB7B /* AGTrainerHeaderView.xib in Resources */ = {isa = PBXBuildFile; fileRef = 099AF11717D157C5000BAB7B /* AGTrainerHeaderView.xib */; };
		099AF12617D1A6DA000BAB7B /* ioapi.c in Sources */ = {isa = PBXBuildFile; fileRef = 099AF11C17D1A6DA000BAB7B /* ioapi.c */; };
		099AF12717D1A6DA000BAB7B /* mztools.c in Sources */ = {isa = PBXBuildFile; fileRef = 099AF11E17D1A6DA000BAB7B /* mztools.c */; };
		099AF12817D1A6DA000BAB7B /* unzip.c in Sources */ = {isa = PBXBuildFile; fileRef = 099AF12017D1A6DA000BAB7B /* unzip.c */; };
		099AF12917D1A6DA000BAB7B /* zip.c in Sources */ = {isa = PBXBuildFile; fileRef = 099AF12217D1A6DA000BAB7B /* zip.c */; };
		099AF12A17D1A6DA000BAB7B /* SSZipArchive.m in Sources */ = {isa = PBXBuildFile; fileRef = 099AF12517D1A6DA000BAB7B /* SSZipArchive.m */; };
		099AF12C17D1A6EE000BAB7B /* libz.dylib in Frameworks */ = {isa = PBXBuildFile; fileRef = 099AF12B17D1A6EE000BAB7B /* libz.dylib */; };
		099AF12E17D1A892000BAB7B /* projects.zip in Resources */ = {isa = PBXBuildFile; fileRef = 099AF12D17D1A892000BAB7B /* projects.zip */; };
		09B674441D6D9E8700F84E09 /* AGCompositeNode.mm in Sources */ = {isa = PBXBuildFile; fileRef = 09B674421D6D9E8700F84E09 /* AGCompositeNode.mm */; };
		09C7C3E618CF2B8E0099CE88 /* Waveform.vsh in Resources */ = {isa = PBXBuildFile; fileRef = 09C7C3E318CF27AC0099CE88 /* Waveform.vsh */; };
		09C7C3E718CF2B8E0099CE88 /* Waveform.fsh in Resources */ = {isa = PBXBuildFile; fileRef = 09C7C3E218CF27AC0099CE88 /* Waveform.fsh */; };
		09D8C3FF1A0A4DF2008D788A /* OFL.txt in Resources */ = {isa = PBXBuildFile; fileRef = 09D8C3FE1A0A4DF2008D788A /* OFL.txt */; };
		09E5EC7C18A3484F00B21D97 /* Mutex.cpp in Sources */ = {isa = PBXBuildFile; fileRef = 09E5EC7A18A3484F00B21D97 /* Mutex.cpp */; };
		09E5EC7F18A36A9D00B21D97 /* SPFilter.cpp in Sources */ = {isa = PBXBuildFile; fileRef = 09E5EC7D18A36A9D00B21D97 /* SPFilter.cpp */; };
		09E5EC8218A46F7300B21D97 /* AGControl.mm in Sources */ = {isa = PBXBuildFile; fileRef = 09E5EC8018A46F7300B21D97 /* AGControl.mm */; };
		09E5EC8718A5A88100B21D97 /* ADSR.cpp in Sources */ = {isa = PBXBuildFile; fileRef = 09E5EC8618A5A88100B21D97 /* ADSR.cpp */; };
		09F29D7A1CC73D7A00502C01 /* libfeatureextractorcommon.a in Frameworks */ = {isa = PBXBuildFile; fileRef = 095E851017B354BE0065EF8E /* libfeatureextractorcommon.a */; };
		09F29D7B1CC73D8000502C01 /* libshaperecommon.a in Frameworks */ = {isa = PBXBuildFile; fileRef = 095E851917B354BE0065EF8E /* libshaperecommon.a */; };
		09F29DAF1CCA086200502C01 /* AGSlider.mm in Sources */ = {isa = PBXBuildFile; fileRef = 09F29DAD1CCA086200502C01 /* AGSlider.mm */; };
		09F2D53A1D7EA33400F537C7 /* Delay.cpp in Sources */ = {isa = PBXBuildFile; fileRef = 09F2D5371D7EA33400F537C7 /* Delay.cpp */; };
		09F2D53B1D7EA33400F537C7 /* DelayA.cpp in Sources */ = {isa = PBXBuildFile; fileRef = 09F2D5381D7EA33400F537C7 /* DelayA.cpp */; };
		09F2D53C1D7EA33400F537C7 /* DelayL.cpp in Sources */ = {isa = PBXBuildFile; fileRef = 09F2D5391D7EA33400F537C7 /* DelayL.cpp */; };
		09F3C50818A5A8C300E499AF /* Stk.cpp in Sources */ = {isa = PBXBuildFile; fileRef = 09F3C50718A5A8C300E499AF /* Stk.cpp */; };
		09F6E87A1D6A3758006DBC9E /* AGOutputNode.mm in Sources */ = {isa = PBXBuildFile; fileRef = 09F6E8781D6A3758006DBC9E /* AGOutputNode.mm */; };
		09F700B81D71046300294BDD /* Buffers.cpp in Sources */ = {isa = PBXBuildFile; fileRef = 09F700B61D71046300294BDD /* Buffers.cpp */; };
		09FC92471A14F55D005D14A3 /* AGTimer.mm in Sources */ = {isa = PBXBuildFile; fileRef = 09FC92451A14F55D005D14A3 /* AGTimer.mm */; };
		09FC924B1A153A83005D14A3 /* AGConnection.mm in Sources */ = {isa = PBXBuildFile; fileRef = 09FC92491A153A83005D14A3 /* AGConnection.mm */; };
		09FC924D1A153C0A005D14A3 /* flare.png in Resources */ = {isa = PBXBuildFile; fileRef = 09FC924C1A153C0A005D14A3 /* flare.png */; };
/* End PBXBuildFile section */

/* Begin PBXFileReference section */
		0900A3811B04A10800C249D9 /* Images.xcassets */ = {isa = PBXFileReference; lastKnownFileType = folder.assetcatalog; path = Images.xcassets; sourceTree = "<group>"; };
		0901C1BA17BE2F970032904B /* AGGenericShader.mm */ = {isa = PBXFileReference; fileEncoding = 4; lastKnownFileType = sourcecode.cpp.objcpp; path = AGGenericShader.mm; sourceTree = "<group>"; };
		0901C1BB17BE2F970032904B /* AGGenericShader.h */ = {isa = PBXFileReference; fileEncoding = 4; lastKnownFileType = sourcecode.c.h; path = AGGenericShader.h; sourceTree = "<group>"; };
		0901C1BF17BE3C460032904B /* SourceCodePro-Regular.ttf */ = {isa = PBXFileReference; lastKnownFileType = file; path = "SourceCodePro-Regular.ttf"; sourceTree = "<group>"; };
		0901C1C117BE3C4B0032904B /* eichante.ttf */ = {isa = PBXFileReference; lastKnownFileType = file; path = eichante.ttf; sourceTree = "<group>"; };
		090354F41A325CCD00F68107 /* Microgramma.ttf */ = {isa = PBXFileReference; lastKnownFileType = file; path = Microgramma.ttf; sourceTree = "<group>"; };
		090354F61A329EAA00F68107 /* bankgthd.ttf */ = {isa = PBXFileReference; lastKnownFileType = file; path = bankgthd.ttf; sourceTree = "<group>"; };
		09077FD117C0BFFA00DFE42F /* AGDef.h */ = {isa = PBXFileReference; lastKnownFileType = sourcecode.c.h; path = AGDef.h; sourceTree = "<group>"; };
		0910817E1A0B63DB0063028B /* AGStyle.mm */ = {isa = PBXFileReference; fileEncoding = 4; lastKnownFileType = sourcecode.cpp.objcpp; path = AGStyle.mm; sourceTree = "<group>"; };
		0910817F1A0B63DB0063028B /* AGStyle.h */ = {isa = PBXFileReference; fileEncoding = 4; lastKnownFileType = sourcecode.c.h; path = AGStyle.h; sourceTree = "<group>"; };
		091C70CA1C48A9A600B513C2 /* AGUINodeEditor.mm */ = {isa = PBXFileReference; fileEncoding = 4; lastKnownFileType = sourcecode.cpp.objcpp; path = AGUINodeEditor.mm; sourceTree = "<group>"; };
		091C70CB1C48A9A600B513C2 /* AGUINodeEditor.h */ = {isa = PBXFileReference; fileEncoding = 4; lastKnownFileType = sourcecode.c.h; path = AGUINodeEditor.h; sourceTree = "<group>"; };
		0927D7DE1ADCE4E000AD8AE5 /* AGInputNode.mm */ = {isa = PBXFileReference; fileEncoding = 4; lastKnownFileType = sourcecode.cpp.objcpp; path = AGInputNode.mm; sourceTree = "<group>"; };
		0927D7DF1ADCE4E000AD8AE5 /* AGInputNode.h */ = {isa = PBXFileReference; fileEncoding = 4; lastKnownFileType = sourcecode.c.h; path = AGInputNode.h; sourceTree = "<group>"; };
		093395661A00FABC009E4802 /* Endzone Tech.ttf */ = {isa = PBXFileReference; lastKnownFileType = file; path = "Endzone Tech.ttf"; sourceTree = "<group>"; };
		093395681A019D43009E4802 /* Orbitron-Regular.ttf */ = {isa = PBXFileReference; lastKnownFileType = file; path = "Orbitron-Regular.ttf"; sourceTree = "<group>"; };
		0933956A1A019E4F009E4802 /* Orbitron-Medium.ttf */ = {isa = PBXFileReference; lastKnownFileType = file; path = "Orbitron-Medium.ttf"; sourceTree = "<group>"; };
		0933956C1A08799A009E4802 /* AGFormulaNode.mm */ = {isa = PBXFileReference; fileEncoding = 4; lastKnownFileType = sourcecode.cpp.objcpp; path = AGFormulaNode.mm; sourceTree = "<group>"; };
		0933956D1A08799A009E4802 /* AGFormulaNode.h */ = {isa = PBXFileReference; fileEncoding = 4; lastKnownFileType = sourcecode.c.h; path = AGFormulaNode.h; sourceTree = "<group>"; };
		0933956F1A088612009E4802 /* AGArrayNode.mm */ = {isa = PBXFileReference; fileEncoding = 4; lastKnownFileType = sourcecode.cpp.objcpp; path = AGArrayNode.mm; sourceTree = "<group>"; };
		093395701A088612009E4802 /* AGArrayNode.h */ = {isa = PBXFileReference; fileEncoding = 4; lastKnownFileType = sourcecode.c.h; path = AGArrayNode.h; sourceTree = "<group>"; };
		093395721A088849009E4802 /* AGControlNode.mm */ = {isa = PBXFileReference; fileEncoding = 4; lastKnownFileType = sourcecode.cpp.objcpp; path = AGControlNode.mm; sourceTree = "<group>"; };
		093395731A088849009E4802 /* AGControlNode.h */ = {isa = PBXFileReference; fileEncoding = 4; lastKnownFileType = sourcecode.c.h; path = AGControlNode.h; sourceTree = "<group>"; };
		093395751A08BFAC009E4802 /* AGNodeSelector.mm */ = {isa = PBXFileReference; fileEncoding = 4; lastKnownFileType = sourcecode.cpp.objcpp; path = AGNodeSelector.mm; sourceTree = "<group>"; };
		093395761A08BFAC009E4802 /* AGNodeSelector.h */ = {isa = PBXFileReference; fileEncoding = 4; lastKnownFileType = sourcecode.c.h; path = AGNodeSelector.h; sourceTree = "<group>"; };
		093395781A0A3785009E4802 /* AGAboutBox.mm */ = {isa = PBXFileReference; fileEncoding = 4; lastKnownFileType = sourcecode.cpp.objcpp; path = AGAboutBox.mm; sourceTree = "<group>"; };
		093395791A0A3785009E4802 /* AGAboutBox.h */ = {isa = PBXFileReference; fileEncoding = 4; lastKnownFileType = sourcecode.c.h; path = AGAboutBox.h; sourceTree = "<group>"; };
		093D631E18CECF0A0012C4B7 /* Animation.h */ = {isa = PBXFileReference; lastKnownFileType = sourcecode.c.h; path = Animation.h; sourceTree = "<group>"; };
		09412E041A205A070065598D /* AGDocument.mm */ = {isa = PBXFileReference; fileEncoding = 4; lastKnownFileType = sourcecode.cpp.objcpp; path = AGDocument.mm; sourceTree = "<group>"; };
		09412E051A205A070065598D /* AGDocument.h */ = {isa = PBXFileReference; fileEncoding = 4; lastKnownFileType = sourcecode.c.h; path = AGDocument.h; sourceTree = "<group>"; };
		09412E071A210B630065598D /* sputil.cpp */ = {isa = PBXFileReference; fileEncoding = 4; lastKnownFileType = sourcecode.cpp.cpp; path = sputil.cpp; sourceTree = "<group>"; };
		09412E081A210B630065598D /* sputil.h */ = {isa = PBXFileReference; fileEncoding = 4; lastKnownFileType = sourcecode.c.h; path = sputil.h; sourceTree = "<group>"; };
		09412E0A1A2112300065598D /* NSString+STLString.h */ = {isa = PBXFileReference; fileEncoding = 4; lastKnownFileType = sourcecode.c.h; path = "NSString+STLString.h"; sourceTree = "<group>"; };
		09412E0B1A2112300065598D /* NSString+STLString.mm */ = {isa = PBXFileReference; fileEncoding = 4; lastKnownFileType = sourcecode.cpp.objcpp; path = "NSString+STLString.mm"; sourceTree = "<group>"; };
		095D12C017ACA36C0048A012 /* AURAGLPH.app */ = {isa = PBXFileReference; explicitFileType = wrapper.application; includeInIndex = 0; path = AURAGLPH.app; sourceTree = BUILT_PRODUCTS_DIR; };
		095D12C317ACA36C0048A012 /* UIKit.framework */ = {isa = PBXFileReference; lastKnownFileType = wrapper.framework; name = UIKit.framework; path = System/Library/Frameworks/UIKit.framework; sourceTree = SDKROOT; };
		095D12C517ACA36C0048A012 /* Foundation.framework */ = {isa = PBXFileReference; lastKnownFileType = wrapper.framework; name = Foundation.framework; path = System/Library/Frameworks/Foundation.framework; sourceTree = SDKROOT; };
		095D12C717ACA36C0048A012 /* CoreGraphics.framework */ = {isa = PBXFileReference; lastKnownFileType = wrapper.framework; name = CoreGraphics.framework; path = System/Library/Frameworks/CoreGraphics.framework; sourceTree = SDKROOT; };
		095D12C917ACA36C0048A012 /* GLKit.framework */ = {isa = PBXFileReference; lastKnownFileType = wrapper.framework; name = GLKit.framework; path = System/Library/Frameworks/GLKit.framework; sourceTree = SDKROOT; };
		095D12CB17ACA36C0048A012 /* OpenGLES.framework */ = {isa = PBXFileReference; lastKnownFileType = wrapper.framework; name = OpenGLES.framework; path = System/Library/Frameworks/OpenGLES.framework; sourceTree = SDKROOT; };
		095D12CF17ACA36C0048A012 /* Auragraph-Info.plist */ = {isa = PBXFileReference; lastKnownFileType = text.plist.xml; path = "Auragraph-Info.plist"; sourceTree = "<group>"; };
		095D12D117ACA36C0048A012 /* en */ = {isa = PBXFileReference; lastKnownFileType = text.plist.strings; name = en; path = en.lproj/InfoPlist.strings; sourceTree = "<group>"; };
		095D12D317ACA36C0048A012 /* main.m */ = {isa = PBXFileReference; lastKnownFileType = sourcecode.c.objc; path = main.m; sourceTree = "<group>"; };
		095D12D517ACA36C0048A012 /* Auragraph-Prefix.pch */ = {isa = PBXFileReference; lastKnownFileType = sourcecode.c.h; path = "Auragraph-Prefix.pch"; sourceTree = "<group>"; };
		095D12D617ACA36C0048A012 /* AGAppDelegate.h */ = {isa = PBXFileReference; lastKnownFileType = sourcecode.c.h; path = AGAppDelegate.h; sourceTree = "<group>"; };
		095D12D717ACA36C0048A012 /* AGAppDelegate.mm */ = {isa = PBXFileReference; lastKnownFileType = sourcecode.cpp.objcpp; path = AGAppDelegate.mm; sourceTree = "<group>"; };
		095D12D917ACA36C0048A012 /* Default.png */ = {isa = PBXFileReference; lastKnownFileType = image.png; path = Default.png; sourceTree = "<group>"; };
		095D12DB17ACA36C0048A012 /* Default@2x.png */ = {isa = PBXFileReference; lastKnownFileType = image.png; path = "Default@2x.png"; sourceTree = "<group>"; };
		095D12DD17ACA36C0048A012 /* Default-568h@2x.png */ = {isa = PBXFileReference; lastKnownFileType = image.png; path = "Default-568h@2x.png"; sourceTree = "<group>"; };
		095D12DF17ACA36C0048A012 /* Shader.fsh */ = {isa = PBXFileReference; explicitFileType = sourcecode.glsl; name = Shader.fsh; path = Shaders/Shader.fsh; sourceTree = "<group>"; };
		095D12E117ACA36C0048A012 /* Shader.vsh */ = {isa = PBXFileReference; explicitFileType = sourcecode.glsl; name = Shader.vsh; path = Shaders/Shader.vsh; sourceTree = "<group>"; };
		095D12E317ACA36C0048A012 /* AGViewController.h */ = {isa = PBXFileReference; lastKnownFileType = sourcecode.c.h; path = AGViewController.h; sourceTree = "<group>"; };
		095D12E417ACA36C0048A012 /* AGViewController.mm */ = {isa = PBXFileReference; lastKnownFileType = sourcecode.cpp.objcpp; path = AGViewController.mm; sourceTree = "<group>"; };
		095D12E717ACA36C0048A012 /* en */ = {isa = PBXFileReference; lastKnownFileType = file.xib; name = en; path = en.lproj/AGViewController.xib; sourceTree = "<group>"; };
		095D12F617ACAA100048A012 /* Geometry.cpp */ = {isa = PBXFileReference; fileEncoding = 4; lastKnownFileType = sourcecode.cpp.cpp; path = Geometry.cpp; sourceTree = "<group>"; };
		095D12F717ACAA100048A012 /* Geometry.h */ = {isa = PBXFileReference; fileEncoding = 4; lastKnownFileType = sourcecode.c.h; path = Geometry.h; sourceTree = "<group>"; };
		095D12F817ACAA100048A012 /* hsv.h */ = {isa = PBXFileReference; fileEncoding = 4; lastKnownFileType = sourcecode.c.h; path = hsv.h; sourceTree = "<group>"; };
		095D12F917ACAA100048A012 /* Texture.h */ = {isa = PBXFileReference; fileEncoding = 4; lastKnownFileType = sourcecode.c.h; path = Texture.h; sourceTree = "<group>"; };
		095D12FA17ACAA100048A012 /* Texture.mm */ = {isa = PBXFileReference; fileEncoding = 4; lastKnownFileType = sourcecode.cpp.objcpp; path = Texture.mm; sourceTree = "<group>"; };
		095D12FD17ACAB7B0048A012 /* ShaderHelper.h */ = {isa = PBXFileReference; fileEncoding = 4; lastKnownFileType = sourcecode.c.h; path = ShaderHelper.h; sourceTree = "<group>"; };
		095D12FE17ACAB7B0048A012 /* ShaderHelper.mm */ = {isa = PBXFileReference; fileEncoding = 4; lastKnownFileType = sourcecode.cpp.objcpp; path = ShaderHelper.mm; sourceTree = "<group>"; };
		095D130017ACC5120048A012 /* UIKitGL.h */ = {isa = PBXFileReference; lastKnownFileType = sourcecode.c.h; path = UIKitGL.h; sourceTree = "<group>"; };
		095E84EC17B354BE0065EF8E /* LTKCaptureDevice.h */ = {isa = PBXFileReference; fileEncoding = 4; lastKnownFileType = sourcecode.c.h; path = LTKCaptureDevice.h; sourceTree = "<group>"; };
		095E84ED17B354BE0065EF8E /* LTKChannel.h */ = {isa = PBXFileReference; fileEncoding = 4; lastKnownFileType = sourcecode.c.h; path = LTKChannel.h; sourceTree = "<group>"; };
		095E84EE17B354BE0065EF8E /* LTKClassifierDefaults.h */ = {isa = PBXFileReference; fileEncoding = 4; lastKnownFileType = sourcecode.c.h; path = LTKClassifierDefaults.h; sourceTree = "<group>"; };
		095E84EF17B354BE0065EF8E /* LTKErrorsList.h */ = {isa = PBXFileReference; fileEncoding = 4; lastKnownFileType = sourcecode.c.h; path = LTKErrorsList.h; sourceTree = "<group>"; };
		095E84F017B354BE0065EF8E /* LTKException.h */ = {isa = PBXFileReference; fileEncoding = 4; lastKnownFileType = sourcecode.c.h; path = LTKException.h; sourceTree = "<group>"; };
		095E84F117B354BE0065EF8E /* LTKInc.h */ = {isa = PBXFileReference; fileEncoding = 4; lastKnownFileType = sourcecode.c.h; path = LTKInc.h; sourceTree = "<group>"; };
		095E84F217B354BE0065EF8E /* LTKLipiEngineInterface.h */ = {isa = PBXFileReference; fileEncoding = 4; lastKnownFileType = sourcecode.c.h; path = LTKLipiEngineInterface.h; sourceTree = "<group>"; };
		095E84F317B354BE0065EF8E /* LTKLogger.h */ = {isa = PBXFileReference; fileEncoding = 4; lastKnownFileType = sourcecode.c.h; path = LTKLogger.h; sourceTree = "<group>"; };
		095E84F417B354BE0065EF8E /* LTKLoggerInterface.h */ = {isa = PBXFileReference; fileEncoding = 4; lastKnownFileType = sourcecode.c.h; path = LTKLoggerInterface.h; sourceTree = "<group>"; };
		095E84F517B354BE0065EF8E /* LTKMacros.h */ = {isa = PBXFileReference; fileEncoding = 4; lastKnownFileType = sourcecode.c.h; path = LTKMacros.h; sourceTree = "<group>"; };
		095E84F617B354BE0065EF8E /* LTKOSUtil.h */ = {isa = PBXFileReference; fileEncoding = 4; lastKnownFileType = sourcecode.c.h; path = LTKOSUtil.h; sourceTree = "<group>"; };
		095E84F717B354BE0065EF8E /* LTKOSUtilFactory.h */ = {isa = PBXFileReference; fileEncoding = 4; lastKnownFileType = sourcecode.c.h; path = LTKOSUtilFactory.h; sourceTree = "<group>"; };
		095E84F817B354BE0065EF8E /* LTKPreprocDefaults.h */ = {isa = PBXFileReference; fileEncoding = 4; lastKnownFileType = sourcecode.c.h; path = LTKPreprocDefaults.h; sourceTree = "<group>"; };
		095E84F917B354BE0065EF8E /* LTKPreprocessor.h */ = {isa = PBXFileReference; fileEncoding = 4; lastKnownFileType = sourcecode.c.h; path = LTKPreprocessor.h; sourceTree = "<group>"; };
		095E84FA17B354BE0065EF8E /* LTKPreprocessorInterface.h */ = {isa = PBXFileReference; fileEncoding = 4; lastKnownFileType = sourcecode.c.h; path = LTKPreprocessorInterface.h; sourceTree = "<group>"; };
		095E84FB17B354BE0065EF8E /* LTKRecognitionContext.h */ = {isa = PBXFileReference; fileEncoding = 4; lastKnownFileType = sourcecode.c.h; path = LTKRecognitionContext.h; sourceTree = "<group>"; };
		095E84FC17B354BE0065EF8E /* LTKRefCountedPtr.h */ = {isa = PBXFileReference; fileEncoding = 4; lastKnownFileType = sourcecode.c.h; path = LTKRefCountedPtr.h; sourceTree = "<group>"; };
		095E84FD17B354BE0065EF8E /* LTKScreenContext.h */ = {isa = PBXFileReference; fileEncoding = 4; lastKnownFileType = sourcecode.c.h; path = LTKScreenContext.h; sourceTree = "<group>"; };
		095E84FE17B354BE0065EF8E /* LTKShapeFeatureMacros.h */ = {isa = PBXFileReference; fileEncoding = 4; lastKnownFileType = sourcecode.c.h; path = LTKShapeFeatureMacros.h; sourceTree = "<group>"; };
		095E84FF17B354BE0065EF8E /* LTKShapeRecoConfig.h */ = {isa = PBXFileReference; fileEncoding = 4; lastKnownFileType = sourcecode.c.h; path = LTKShapeRecoConfig.h; sourceTree = "<group>"; };
		095E850017B354BE0065EF8E /* LTKShapeRecoEngine.h */ = {isa = PBXFileReference; fileEncoding = 4; lastKnownFileType = sourcecode.c.h; path = LTKShapeRecoEngine.h; sourceTree = "<group>"; };
		095E850117B354BE0065EF8E /* LTKShapeRecognizer.h */ = {isa = PBXFileReference; fileEncoding = 4; lastKnownFileType = sourcecode.c.h; path = LTKShapeRecognizer.h; sourceTree = "<group>"; };
		095E850217B354BE0065EF8E /* LTKShapeRecoResult.h */ = {isa = PBXFileReference; fileEncoding = 4; lastKnownFileType = sourcecode.c.h; path = LTKShapeRecoResult.h; sourceTree = "<group>"; };
		095E850317B354BE0065EF8E /* LTKShapeRecoUtil.h */ = {isa = PBXFileReference; fileEncoding = 4; lastKnownFileType = sourcecode.c.h; path = LTKShapeRecoUtil.h; sourceTree = "<group>"; };
		095E850417B354BE0065EF8E /* LTKTrace.h */ = {isa = PBXFileReference; fileEncoding = 4; lastKnownFileType = sourcecode.c.h; path = LTKTrace.h; sourceTree = "<group>"; };
		095E850517B354BE0065EF8E /* LTKTraceFormat.h */ = {isa = PBXFileReference; fileEncoding = 4; lastKnownFileType = sourcecode.c.h; path = LTKTraceFormat.h; sourceTree = "<group>"; };
		095E850617B354BE0065EF8E /* LTKTraceGroup.h */ = {isa = PBXFileReference; fileEncoding = 4; lastKnownFileType = sourcecode.c.h; path = LTKTraceGroup.h; sourceTree = "<group>"; };
		095E850717B354BE0065EF8E /* LTKTypes.h */ = {isa = PBXFileReference; fileEncoding = 4; lastKnownFileType = sourcecode.c.h; path = LTKTypes.h; sourceTree = "<group>"; };
		095E850817B354BE0065EF8E /* LTKWordRecoConfig.h */ = {isa = PBXFileReference; fileEncoding = 4; lastKnownFileType = sourcecode.c.h; path = LTKWordRecoConfig.h; sourceTree = "<group>"; };
		095E850917B354BE0065EF8E /* LTKWordRecognizer.h */ = {isa = PBXFileReference; fileEncoding = 4; lastKnownFileType = sourcecode.c.h; path = LTKWordRecognizer.h; sourceTree = "<group>"; };
		095E850A17B354BE0065EF8E /* LTKWordRecoResult.h */ = {isa = PBXFileReference; fileEncoding = 4; lastKnownFileType = sourcecode.c.h; path = LTKWordRecoResult.h; sourceTree = "<group>"; };
		095E850B17B354BE0065EF8E /* TpcError.h */ = {isa = PBXFileReference; fileEncoding = 4; lastKnownFileType = sourcecode.c.h; path = TpcError.h; sourceTree = "<group>"; };
		095E850D17B354BE0065EF8E /* libactivedtw.a */ = {isa = PBXFileReference; lastKnownFileType = archive.ar; path = libactivedtw.a; sourceTree = "<group>"; };
		095E850E17B354BE0065EF8E /* libboxfld.a */ = {isa = PBXFileReference; lastKnownFileType = archive.ar; path = libboxfld.a; sourceTree = "<group>"; };
		095E850F17B354BE0065EF8E /* libcommon.a */ = {isa = PBXFileReference; lastKnownFileType = archive.ar; path = libcommon.a; sourceTree = "<group>"; };
		095E851017B354BE0065EF8E /* libfeatureextractorcommon.a */ = {isa = PBXFileReference; lastKnownFileType = archive.ar; path = libfeatureextractorcommon.a; sourceTree = "<group>"; };
		095E851117B354BE0065EF8E /* libl7.a */ = {isa = PBXFileReference; lastKnownFileType = archive.ar; path = libl7.a; sourceTree = "<group>"; };
		095E851217B354BE0065EF8E /* liblipiengine.a */ = {isa = PBXFileReference; lastKnownFileType = archive.ar; path = liblipiengine.a; sourceTree = "<group>"; };
		095E851317B354BE0065EF8E /* liblogger.a */ = {isa = PBXFileReference; lastKnownFileType = archive.ar; path = liblogger.a; sourceTree = "<group>"; };
		095E851417B354BE0065EF8E /* libneuralnet.a */ = {isa = PBXFileReference; lastKnownFileType = archive.ar; path = libneuralnet.a; sourceTree = "<group>"; };
		095E851517B354BE0065EF8E /* libnn.a */ = {isa = PBXFileReference; lastKnownFileType = archive.ar; path = libnn.a; sourceTree = "<group>"; };
		095E851617B354BE0065EF8E /* libnpen.a */ = {isa = PBXFileReference; lastKnownFileType = archive.ar; path = libnpen.a; sourceTree = "<group>"; };
		095E851717B354BE0065EF8E /* libpointfloat.a */ = {isa = PBXFileReference; lastKnownFileType = archive.ar; path = libpointfloat.a; sourceTree = "<group>"; };
		095E851817B354BE0065EF8E /* libpreproc.a */ = {isa = PBXFileReference; lastKnownFileType = archive.ar; path = libpreproc.a; sourceTree = "<group>"; };
		095E851917B354BE0065EF8E /* libshaperecommon.a */ = {isa = PBXFileReference; lastKnownFileType = archive.ar; path = libshaperecommon.a; sourceTree = "<group>"; };
		095E851A17B354BE0065EF8E /* libsubstroke.a */ = {isa = PBXFileReference; lastKnownFileType = archive.ar; path = libsubstroke.a; sourceTree = "<group>"; };
		095E851B17B354BE0065EF8E /* libutil.a */ = {isa = PBXFileReference; lastKnownFileType = archive.ar; path = libutil.a; sourceTree = "<group>"; };
		095E851C17B354BE0065EF8E /* libwordreccommon.a */ = {isa = PBXFileReference; lastKnownFileType = archive.ar; path = libwordreccommon.a; sourceTree = "<group>"; };
		095E852F17B358FC0065EF8E /* shaperectst.mm */ = {isa = PBXFileReference; fileEncoding = 4; lastKnownFileType = sourcecode.cpp.objcpp; path = shaperectst.mm; sourceTree = "<group>"; };
		095E853017B358FC0065EF8E /* shaperectst.h */ = {isa = PBXFileReference; fileEncoding = 4; lastKnownFileType = sourcecode.c.h; path = shaperectst.h; sourceTree = "<group>"; };
		095E853217B35A330065EF8E /* LTKCheckSumGenerate.h */ = {isa = PBXFileReference; lastKnownFileType = sourcecode.c.h; path = LTKCheckSumGenerate.h; sourceTree = "<group>"; };
		095E853317B35A330065EF8E /* LTKConfigFileReader.h */ = {isa = PBXFileReference; lastKnownFileType = sourcecode.c.h; path = LTKConfigFileReader.h; sourceTree = "<group>"; };
		095E853417B35A330065EF8E /* LTKDynamicTimeWarping.h */ = {isa = PBXFileReference; lastKnownFileType = sourcecode.c.h; path = LTKDynamicTimeWarping.h; sourceTree = "<group>"; };
		095E853517B35A330065EF8E /* LTKErrors.h */ = {isa = PBXFileReference; lastKnownFileType = sourcecode.c.h; path = LTKErrors.h; sourceTree = "<group>"; };
		095E853617B35A330065EF8E /* LTKHierarchicalClustering.h */ = {isa = PBXFileReference; lastKnownFileType = sourcecode.c.h; path = LTKHierarchicalClustering.h; sourceTree = "<group>"; };
		095E853717B35A330065EF8E /* LTKImageWriter.h */ = {isa = PBXFileReference; lastKnownFileType = sourcecode.c.h; path = LTKImageWriter.h; sourceTree = "<group>"; };
		095E853817B35A330065EF8E /* LTKInkFileReader.h */ = {isa = PBXFileReference; lastKnownFileType = sourcecode.c.h; path = LTKInkFileReader.h; sourceTree = "<group>"; };
		095E853917B35A330065EF8E /* LTKInkFileWriter.h */ = {isa = PBXFileReference; lastKnownFileType = sourcecode.c.h; path = LTKInkFileWriter.h; sourceTree = "<group>"; };
		095E853A17B35A330065EF8E /* LTKInkUtils.h */ = {isa = PBXFileReference; lastKnownFileType = sourcecode.c.h; path = LTKInkUtils.h; sourceTree = "<group>"; };
		095E853B17B35A330065EF8E /* LTKLinuxUtil.h */ = {isa = PBXFileReference; lastKnownFileType = sourcecode.c.h; path = LTKLinuxUtil.h; sourceTree = "<group>"; };
		095E853C17B35A330065EF8E /* LTKLoggerUtil.h */ = {isa = PBXFileReference; lastKnownFileType = sourcecode.c.h; path = LTKLoggerUtil.h; sourceTree = "<group>"; };
		095E853D17B35A330065EF8E /* LTKStrEncoding.h */ = {isa = PBXFileReference; lastKnownFileType = sourcecode.c.h; path = LTKStrEncoding.h; sourceTree = "<group>"; };
		095E853E17B35A330065EF8E /* LTKStringUtil.h */ = {isa = PBXFileReference; lastKnownFileType = sourcecode.c.h; path = LTKStringUtil.h; sourceTree = "<group>"; };
		095E853F17B35A330065EF8E /* LTKVersionCompatibilityCheck.h */ = {isa = PBXFileReference; lastKnownFileType = sourcecode.c.h; path = LTKVersionCompatibilityCheck.h; sourceTree = "<group>"; };
		095E854017B5E1D30065EF8E /* AGHandwritingRecognizer.h */ = {isa = PBXFileReference; fileEncoding = 4; lastKnownFileType = sourcecode.c.h; path = AGHandwritingRecognizer.h; sourceTree = "<group>"; };
		095E854117B5E1D30065EF8E /* AGHandwritingRecognizer.mm */ = {isa = PBXFileReference; fileEncoding = 4; lastKnownFileType = sourcecode.cpp.objcpp; path = AGHandwritingRecognizer.mm; sourceTree = "<group>"; };
		096F42031D9CF04600600717 /* AGWaveformAudioNode.mm */ = {isa = PBXFileReference; fileEncoding = 4; lastKnownFileType = sourcecode.cpp.objcpp; path = AGWaveformAudioNode.mm; sourceTree = "<group>"; };
		096F42041D9CF04600600717 /* AGWaveformAudioNode.h */ = {isa = PBXFileReference; fileEncoding = 4; lastKnownFileType = sourcecode.c.h; path = AGWaveformAudioNode.h; sourceTree = "<group>"; };
		09817F3719F78B3F000E9FB3 /* GeoGenerator.h */ = {isa = PBXFileReference; lastKnownFileType = sourcecode.c.h; path = GeoGenerator.h; sourceTree = "<group>"; };
		09817F3819F87CC7000E9FB3 /* GeoGenerator.cpp */ = {isa = PBXFileReference; fileEncoding = 4; lastKnownFileType = sourcecode.cpp.cpp; path = GeoGenerator.cpp; sourceTree = "<group>"; };
		0985E5341D8C952800B536C8 /* AGInteractiveObject.mm */ = {isa = PBXFileReference; fileEncoding = 4; lastKnownFileType = sourcecode.cpp.objcpp; path = AGInteractiveObject.mm; sourceTree = "<group>"; };
		0985E5351D8C952800B536C8 /* AGInteractiveObject.h */ = {isa = PBXFileReference; fileEncoding = 4; lastKnownFileType = sourcecode.c.h; path = AGInteractiveObject.h; sourceTree = "<group>"; };
		0987409A17B98D7C0098511A /* AGNode.mm */ = {isa = PBXFileReference; fileEncoding = 4; lastKnownFileType = sourcecode.cpp.objcpp; path = AGNode.mm; sourceTree = "<group>"; };
		0987409B17B98D7C0098511A /* AGNode.h */ = {isa = PBXFileReference; fileEncoding = 4; lastKnownFileType = sourcecode.c.h; path = AGNode.h; sourceTree = "<group>"; };
		0987409D17BA2AB90098511A /* mo_audio.h */ = {isa = PBXFileReference; fileEncoding = 4; lastKnownFileType = sourcecode.c.h; path = mo_audio.h; sourceTree = "<group>"; };
		0987409E17BA2AB90098511A /* mo_audio.mm */ = {isa = PBXFileReference; fileEncoding = 4; lastKnownFileType = sourcecode.cpp.objcpp; path = mo_audio.mm; sourceTree = "<group>"; };
		0987409F17BA2AB90098511A /* mo_def.h */ = {isa = PBXFileReference; fileEncoding = 4; lastKnownFileType = sourcecode.c.h; path = mo_def.h; sourceTree = "<group>"; };
		098740A117BA2EA70098511A /* AGAudioManager.h */ = {isa = PBXFileReference; fileEncoding = 4; lastKnownFileType = sourcecode.c.h; path = AGAudioManager.h; sourceTree = "<group>"; };
		098740A217BA2EA70098511A /* AGAudioManager.mm */ = {isa = PBXFileReference; fileEncoding = 4; lastKnownFileType = sourcecode.cpp.objcpp; path = AGAudioManager.mm; sourceTree = "<group>"; };
		098740A417BA317E0098511A /* AudioToolbox.framework */ = {isa = PBXFileReference; lastKnownFileType = wrapper.framework; name = AudioToolbox.framework; path = System/Library/Frameworks/AudioToolbox.framework; sourceTree = SDKROOT; };
		098740A817BB99DE0098511A /* TexFont.mm */ = {isa = PBXFileReference; fileEncoding = 4; lastKnownFileType = sourcecode.cpp.objcpp; path = TexFont.mm; sourceTree = "<group>"; };
		098740A917BB99DE0098511A /* TexFont.h */ = {isa = PBXFileReference; fileEncoding = 4; lastKnownFileType = sourcecode.c.h; path = TexFont.h; sourceTree = "<group>"; };
		098740AB17BC377E0098511A /* AGAudioNode.mm */ = {isa = PBXFileReference; fileEncoding = 4; lastKnownFileType = sourcecode.cpp.objcpp; lineEnding = 0; path = AGAudioNode.mm; sourceTree = "<group>"; xcLanguageSpecificationIdentifier = xcode.lang.objcpp; };
		098740AC17BC377E0098511A /* AGAudioNode.h */ = {isa = PBXFileReference; fileEncoding = 4; lastKnownFileType = sourcecode.c.h; path = AGAudioNode.h; sourceTree = "<group>"; };
		098740AE17BC527E0098511A /* ES2Render.mm */ = {isa = PBXFileReference; fileEncoding = 4; lastKnownFileType = sourcecode.cpp.objcpp; path = ES2Render.mm; sourceTree = "<group>"; };
		098740AF17BC527E0098511A /* ES2Render.h */ = {isa = PBXFileReference; fileEncoding = 4; lastKnownFileType = sourcecode.c.h; path = ES2Render.h; sourceTree = "<group>"; };
		098740B117BC61410098511A /* AGUserInterface.mm */ = {isa = PBXFileReference; fileEncoding = 4; lastKnownFileType = sourcecode.cpp.objcpp; path = AGUserInterface.mm; sourceTree = "<group>"; };
		098740B217BC61410098511A /* AGUserInterface.h */ = {isa = PBXFileReference; fileEncoding = 4; lastKnownFileType = sourcecode.c.h; path = AGUserInterface.h; sourceTree = "<group>"; };
		098740B417BCBA4C0098511A /* Consolas.ttf */ = {isa = PBXFileReference; lastKnownFileType = file; path = Consolas.ttf; sourceTree = "<group>"; };
		098740B617BCC16B0098511A /* TexFont.fsh */ = {isa = PBXFileReference; explicitFileType = sourcecode.glsl; fileEncoding = 4; path = TexFont.fsh; sourceTree = "<group>"; };
		098740B717BCC16B0098511A /* TexFont.vsh */ = {isa = PBXFileReference; explicitFileType = sourcecode.glsl; fileEncoding = 4; path = TexFont.vsh; sourceTree = "<group>"; };
		098740BC17BCD9810098511A /* CoreText.framework */ = {isa = PBXFileReference; lastKnownFileType = wrapper.framework; name = CoreText.framework; path = System/Library/Frameworks/CoreText.framework; sourceTree = SDKROOT; };
		098740BE17BCE0130098511A /* Perfect DOS VGA 437.ttf */ = {isa = PBXFileReference; lastKnownFileType = file; path = "Perfect DOS VGA 437.ttf"; sourceTree = "<group>"; };
		09891311189F6D3A00AB98AD /* trash.png */ = {isa = PBXFileReference; lastKnownFileType = image.png; path = trash.png; sourceTree = "<group>"; };
		09891314189F70D200AB98AD /* AGTouchHandler.h */ = {isa = PBXFileReference; fileEncoding = 4; lastKnownFileType = sourcecode.c.h; path = AGTouchHandler.h; sourceTree = "<group>"; };
		09891315189F70D200AB98AD /* AGTouchHandler.mm */ = {isa = PBXFileReference; fileEncoding = 4; lastKnownFileType = sourcecode.cpp.objcpp; path = AGTouchHandler.mm; sourceTree = "<group>"; };
		0989131718A07E1200AB98AD /* Texture.fsh */ = {isa = PBXFileReference; explicitFileType = sourcecode.glsl; fileEncoding = 4; name = Texture.fsh; path = Shaders/Texture.fsh; sourceTree = "<group>"; };
		0989131818A07E1200AB98AD /* Texture.vsh */ = {isa = PBXFileReference; explicitFileType = sourcecode.glsl; fileEncoding = 4; name = Texture.vsh; path = Shaders/Texture.vsh; sourceTree = "<group>"; };
		098C0E1217C4278C00171366 /* Screen.fsh */ = {isa = PBXFileReference; explicitFileType = sourcecode.glsl; fileEncoding = 4; name = Screen.fsh; path = Shaders/Screen.fsh; sourceTree = "<group>"; };
		098C0E1317C4278C00171366 /* Screen.vsh */ = {isa = PBXFileReference; explicitFileType = sourcecode.glsl; fileEncoding = 4; name = Screen.vsh; path = Shaders/Screen.vsh; sourceTree = "<group>"; };
		098F9B3819EE49BA00CE2F24 /* AGRenderObject.mm */ = {isa = PBXFileReference; fileEncoding = 4; lastKnownFileType = sourcecode.cpp.objcpp; path = AGRenderObject.mm; sourceTree = "<group>"; };
		098F9B3919EE49BA00CE2F24 /* AGRenderObject.h */ = {isa = PBXFileReference; fileEncoding = 4; lastKnownFileType = sourcecode.c.h; path = AGRenderObject.h; sourceTree = "<group>"; };
		0991BA781D839BB10080175C /* AGCompressorNode.mm */ = {isa = PBXFileReference; fileEncoding = 4; lastKnownFileType = sourcecode.cpp.objcpp; lineEnding = 0; path = AGCompressorNode.mm; sourceTree = "<group>"; xcLanguageSpecificationIdentifier = xcode.lang.objcpp; };
		0991BA791D839BB10080175C /* AGCompressorNode.h */ = {isa = PBXFileReference; fileEncoding = 4; lastKnownFileType = sourcecode.c.h; path = AGCompressorNode.h; sourceTree = "<group>"; };
		0991BA7C1D83A5140080175C /* spdsp.cpp */ = {isa = PBXFileReference; fileEncoding = 4; lastKnownFileType = sourcecode.cpp.cpp; path = spdsp.cpp; sourceTree = "<group>"; };
		0991BA7D1D83A5140080175C /* spdsp.h */ = {isa = PBXFileReference; fileEncoding = 4; lastKnownFileType = sourcecode.c.h; path = spdsp.h; sourceTree = "<group>"; };
		099AF10E17CF9EE5000BAB7B /* AURAGRPH-AppIcon144.png */ = {isa = PBXFileReference; lastKnownFileType = image.png; name = "AURAGRPH-AppIcon144.png"; path = "../AURAGRPH-AppIcon144.png"; sourceTree = "<group>"; };
		099AF11017D12DD9000BAB7B /* AGTrainerViewController.h */ = {isa = PBXFileReference; fileEncoding = 4; lastKnownFileType = sourcecode.c.h; path = AGTrainerViewController.h; sourceTree = "<group>"; };
		099AF11117D12DD9000BAB7B /* AGTrainerViewController.mm */ = {isa = PBXFileReference; fileEncoding = 4; lastKnownFileType = sourcecode.cpp.objcpp; path = AGTrainerViewController.mm; sourceTree = "<group>"; };
		099AF11217D12DD9000BAB7B /* AGTrainerViewController.xib */ = {isa = PBXFileReference; fileEncoding = 4; lastKnownFileType = file.xib; path = AGTrainerViewController.xib; sourceTree = "<group>"; };
		099AF11517D13365000BAB7B /* AGTrainerViewCell.xib */ = {isa = PBXFileReference; fileEncoding = 4; lastKnownFileType = file.xib; path = AGTrainerViewCell.xib; sourceTree = "<group>"; };
		099AF11717D157C5000BAB7B /* AGTrainerHeaderView.xib */ = {isa = PBXFileReference; fileEncoding = 4; lastKnownFileType = file.xib; path = AGTrainerHeaderView.xib; sourceTree = "<group>"; };
		099AF11B17D1A6DA000BAB7B /* crypt.h */ = {isa = PBXFileReference; fileEncoding = 4; lastKnownFileType = sourcecode.c.h; path = crypt.h; sourceTree = "<group>"; };
		099AF11C17D1A6DA000BAB7B /* ioapi.c */ = {isa = PBXFileReference; fileEncoding = 4; lastKnownFileType = sourcecode.c.c; path = ioapi.c; sourceTree = "<group>"; };
		099AF11D17D1A6DA000BAB7B /* ioapi.h */ = {isa = PBXFileReference; fileEncoding = 4; lastKnownFileType = sourcecode.c.h; path = ioapi.h; sourceTree = "<group>"; };
		099AF11E17D1A6DA000BAB7B /* mztools.c */ = {isa = PBXFileReference; fileEncoding = 4; lastKnownFileType = sourcecode.c.c; path = mztools.c; sourceTree = "<group>"; };
		099AF11F17D1A6DA000BAB7B /* mztools.h */ = {isa = PBXFileReference; fileEncoding = 4; lastKnownFileType = sourcecode.c.h; path = mztools.h; sourceTree = "<group>"; };
		099AF12017D1A6DA000BAB7B /* unzip.c */ = {isa = PBXFileReference; fileEncoding = 4; lastKnownFileType = sourcecode.c.c; path = unzip.c; sourceTree = "<group>"; };
		099AF12117D1A6DA000BAB7B /* unzip.h */ = {isa = PBXFileReference; fileEncoding = 4; lastKnownFileType = sourcecode.c.h; path = unzip.h; sourceTree = "<group>"; };
		099AF12217D1A6DA000BAB7B /* zip.c */ = {isa = PBXFileReference; fileEncoding = 4; lastKnownFileType = sourcecode.c.c; path = zip.c; sourceTree = "<group>"; };
		099AF12317D1A6DA000BAB7B /* zip.h */ = {isa = PBXFileReference; fileEncoding = 4; lastKnownFileType = sourcecode.c.h; path = zip.h; sourceTree = "<group>"; };
		099AF12417D1A6DA000BAB7B /* SSZipArchive.h */ = {isa = PBXFileReference; fileEncoding = 4; lastKnownFileType = sourcecode.c.h; path = SSZipArchive.h; sourceTree = "<group>"; };
		099AF12517D1A6DA000BAB7B /* SSZipArchive.m */ = {isa = PBXFileReference; fileEncoding = 4; lastKnownFileType = sourcecode.c.objc; path = SSZipArchive.m; sourceTree = "<group>"; };
		099AF12B17D1A6EE000BAB7B /* libz.dylib */ = {isa = PBXFileReference; lastKnownFileType = "compiled.mach-o.dylib"; name = libz.dylib; path = usr/lib/libz.dylib; sourceTree = SDKROOT; };
		099AF12D17D1A892000BAB7B /* projects.zip */ = {isa = PBXFileReference; lastKnownFileType = archive.zip; path = projects.zip; sourceTree = "<group>"; };
		09A8BB4019F9E39E00E15BF7 /* spMath.h */ = {isa = PBXFileReference; lastKnownFileType = sourcecode.c.h; path = spMath.h; sourceTree = "<group>"; };
		09B674421D6D9E8700F84E09 /* AGCompositeNode.mm */ = {isa = PBXFileReference; fileEncoding = 4; lastKnownFileType = sourcecode.cpp.objcpp; path = AGCompositeNode.mm; sourceTree = "<group>"; };
		09B674431D6D9E8700F84E09 /* AGCompositeNode.h */ = {isa = PBXFileReference; fileEncoding = 4; lastKnownFileType = sourcecode.c.h; path = AGCompositeNode.h; sourceTree = "<group>"; };
		09B674461D6DA2B200F84E09 /* AGAudioCapturer.h */ = {isa = PBXFileReference; fileEncoding = 4; lastKnownFileType = sourcecode.c.h; path = AGAudioCapturer.h; sourceTree = "<group>"; };
		09C7C3E218CF27AC0099CE88 /* Waveform.fsh */ = {isa = PBXFileReference; explicitFileType = sourcecode.glsl; fileEncoding = 4; name = Waveform.fsh; path = Shaders/Waveform.fsh; sourceTree = "<group>"; };
		09C7C3E318CF27AC0099CE88 /* Waveform.vsh */ = {isa = PBXFileReference; explicitFileType = sourcecode.glsl; fileEncoding = 4; name = Waveform.vsh; path = Shaders/Waveform.vsh; sourceTree = "<group>"; };
		09D8C3FE1A0A4DF2008D788A /* OFL.txt */ = {isa = PBXFileReference; fileEncoding = 4; lastKnownFileType = text; path = OFL.txt; sourceTree = "<group>"; };
		09D9D2E817ECF65D00938871 /* Clip.fsh */ = {isa = PBXFileReference; explicitFileType = sourcecode.glsl; fileEncoding = 4; name = Clip.fsh; path = Shaders/Clip.fsh; sourceTree = "<group>"; };
		09D9D2E917ECF65D00938871 /* Clip.vsh */ = {isa = PBXFileReference; explicitFileType = sourcecode.glsl; fileEncoding = 4; name = Clip.vsh; path = Shaders/Clip.vsh; sourceTree = "<group>"; };
		09E5EC7A18A3484F00B21D97 /* Mutex.cpp */ = {isa = PBXFileReference; fileEncoding = 4; lastKnownFileType = sourcecode.cpp.cpp; path = Mutex.cpp; sourceTree = "<group>"; };
		09E5EC7B18A3484F00B21D97 /* Mutex.h */ = {isa = PBXFileReference; fileEncoding = 4; lastKnownFileType = sourcecode.c.h; path = Mutex.h; sourceTree = "<group>"; };
		09E5EC7D18A36A9D00B21D97 /* SPFilter.cpp */ = {isa = PBXFileReference; fileEncoding = 4; lastKnownFileType = sourcecode.cpp.cpp; path = SPFilter.cpp; sourceTree = "<group>"; };
		09E5EC7E18A36A9D00B21D97 /* SPFilter.h */ = {isa = PBXFileReference; fileEncoding = 4; lastKnownFileType = sourcecode.c.h; path = SPFilter.h; sourceTree = "<group>"; };
		09E5EC8018A46F7300B21D97 /* AGControl.mm */ = {isa = PBXFileReference; fileEncoding = 4; lastKnownFileType = sourcecode.cpp.objcpp; path = AGControl.mm; sourceTree = "<group>"; };
		09E5EC8118A46F7300B21D97 /* AGControl.h */ = {isa = PBXFileReference; fileEncoding = 4; lastKnownFileType = sourcecode.c.h; path = AGControl.h; sourceTree = "<group>"; };
		09E5EC8618A5A88100B21D97 /* ADSR.cpp */ = {isa = PBXFileReference; fileEncoding = 4; lastKnownFileType = sourcecode.cpp.cpp; path = ADSR.cpp; sourceTree = "<group>"; };
		09F29DAD1CCA086200502C01 /* AGSlider.mm */ = {isa = PBXFileReference; fileEncoding = 4; lastKnownFileType = sourcecode.cpp.objcpp; path = AGSlider.mm; sourceTree = "<group>"; };
		09F29DAE1CCA086200502C01 /* AGSlider.h */ = {isa = PBXFileReference; fileEncoding = 4; lastKnownFileType = sourcecode.c.h; path = AGSlider.h; sourceTree = "<group>"; };
		09F2D5371D7EA33400F537C7 /* Delay.cpp */ = {isa = PBXFileReference; fileEncoding = 4; lastKnownFileType = sourcecode.cpp.cpp; path = Delay.cpp; sourceTree = "<group>"; };
		09F2D5381D7EA33400F537C7 /* DelayA.cpp */ = {isa = PBXFileReference; fileEncoding = 4; lastKnownFileType = sourcecode.cpp.cpp; path = DelayA.cpp; sourceTree = "<group>"; };
		09F2D5391D7EA33400F537C7 /* DelayL.cpp */ = {isa = PBXFileReference; fileEncoding = 4; lastKnownFileType = sourcecode.cpp.cpp; path = DelayL.cpp; sourceTree = "<group>"; };
		09F2D5431D7EA35300F537C7 /* Delay.h */ = {isa = PBXFileReference; lastKnownFileType = sourcecode.c.h; path = Delay.h; sourceTree = "<group>"; };
		09F2D5441D7EA35300F537C7 /* DelayA.h */ = {isa = PBXFileReference; lastKnownFileType = sourcecode.c.h; path = DelayA.h; sourceTree = "<group>"; };
		09F2D5451D7EA35300F537C7 /* DelayL.h */ = {isa = PBXFileReference; lastKnownFileType = sourcecode.c.h; path = DelayL.h; sourceTree = "<group>"; };
		09F2D5461D7EA35E00F537C7 /* Filter.h */ = {isa = PBXFileReference; lastKnownFileType = sourcecode.c.h; path = Filter.h; sourceTree = "<group>"; };
		09F3C50718A5A8C300E499AF /* Stk.cpp */ = {isa = PBXFileReference; fileEncoding = 4; lastKnownFileType = sourcecode.cpp.cpp; path = Stk.cpp; sourceTree = "<group>"; };
		09F3C50918A5A8D500E499AF /* ADSR.h */ = {isa = PBXFileReference; lastKnownFileType = sourcecode.c.h; path = ADSR.h; sourceTree = "<group>"; };
		09F3C50A18A5A8D500E499AF /* Stk.h */ = {isa = PBXFileReference; lastKnownFileType = sourcecode.c.h; path = Stk.h; sourceTree = "<group>"; };
		09F3C50B18A5A8E000E499AF /* Generator.h */ = {isa = PBXFileReference; lastKnownFileType = sourcecode.c.h; path = Generator.h; sourceTree = "<group>"; };
		09F6E8781D6A3758006DBC9E /* AGOutputNode.mm */ = {isa = PBXFileReference; fileEncoding = 4; lastKnownFileType = sourcecode.cpp.objcpp; path = AGOutputNode.mm; sourceTree = "<group>"; };
		09F6E8791D6A3758006DBC9E /* AGOutputNode.h */ = {isa = PBXFileReference; fileEncoding = 4; lastKnownFileType = sourcecode.c.h; path = AGOutputNode.h; sourceTree = "<group>"; };
		09F700B41D6FA75900294BDD /* AGAudioOutputDestination.h */ = {isa = PBXFileReference; lastKnownFileType = sourcecode.c.h; path = AGAudioOutputDestination.h; sourceTree = "<group>"; };
		09F700B51D6FA79B00294BDD /* AGAudioRenderer.h */ = {isa = PBXFileReference; lastKnownFileType = sourcecode.c.h; path = AGAudioRenderer.h; sourceTree = "<group>"; };
		09F700B61D71046300294BDD /* Buffers.cpp */ = {isa = PBXFileReference; fileEncoding = 4; lastKnownFileType = sourcecode.cpp.cpp; path = Buffers.cpp; sourceTree = "<group>"; };
		09F700B71D71046300294BDD /* Buffers.h */ = {isa = PBXFileReference; fileEncoding = 4; lastKnownFileType = sourcecode.c.h; path = Buffers.h; sourceTree = "<group>"; };
		09FC92451A14F55D005D14A3 /* AGTimer.mm */ = {isa = PBXFileReference; fileEncoding = 4; lastKnownFileType = sourcecode.cpp.objcpp; path = AGTimer.mm; sourceTree = "<group>"; };
		09FC92461A14F55D005D14A3 /* AGTimer.h */ = {isa = PBXFileReference; fileEncoding = 4; lastKnownFileType = sourcecode.c.h; path = AGTimer.h; sourceTree = "<group>"; };
		09FC92481A14F915005D14A3 /* spstl.h */ = {isa = PBXFileReference; lastKnownFileType = sourcecode.c.h; path = spstl.h; sourceTree = "<group>"; };
		09FC92491A153A83005D14A3 /* AGConnection.mm */ = {isa = PBXFileReference; fileEncoding = 4; lastKnownFileType = sourcecode.cpp.objcpp; path = AGConnection.mm; sourceTree = "<group>"; };
		09FC924A1A153A83005D14A3 /* AGConnection.h */ = {isa = PBXFileReference; fileEncoding = 4; lastKnownFileType = sourcecode.c.h; path = AGConnection.h; sourceTree = "<group>"; };
		09FC924C1A153C0A005D14A3 /* flare.png */ = {isa = PBXFileReference; lastKnownFileType = image.png; path = flare.png; sourceTree = "<group>"; };
/* End PBXFileReference section */

/* Begin PBXFrameworksBuildPhase section */
		095D12BD17ACA36C0048A012 /* Frameworks */ = {
			isa = PBXFrameworksBuildPhase;
			buildActionMask = 2147483647;
			files = (
				099AF12C17D1A6EE000BAB7B /* libz.dylib in Frameworks */,
				098740BD17BCD9820098511A /* CoreText.framework in Frameworks */,
				09F29D7A1CC73D7A00502C01 /* libfeatureextractorcommon.a in Frameworks */,
				098740A617BA317E0098511A /* AudioToolbox.framework in Frameworks */,
				095D12C417ACA36C0048A012 /* UIKit.framework in Frameworks */,
				095D12C617ACA36C0048A012 /* Foundation.framework in Frameworks */,
				095D12C817ACA36C0048A012 /* CoreGraphics.framework in Frameworks */,
				095D12CA17ACA36C0048A012 /* GLKit.framework in Frameworks */,
				095D12CC17ACA36C0048A012 /* OpenGLES.framework in Frameworks */,
				095E851F17B354BE0065EF8E /* libcommon.a in Frameworks */,
				09F29D7B1CC73D8000502C01 /* libshaperecommon.a in Frameworks */,
				095E852217B354BE0065EF8E /* liblipiengine.a in Frameworks */,
				095E852517B354BE0065EF8E /* libnn.a in Frameworks */,
				095E852717B354BE0065EF8E /* libpointfloat.a in Frameworks */,
				095E852817B354BE0065EF8E /* libpreproc.a in Frameworks */,
				095E852B17B354BE0065EF8E /* libutil.a in Frameworks */,
				095E852C17B354BE0065EF8E /* libwordreccommon.a in Frameworks */,
			);
			runOnlyForDeploymentPostprocessing = 0;
		};
/* End PBXFrameworksBuildPhase section */

/* Begin PBXGroup section */
		095D12B717ACA36C0048A012 = {
			isa = PBXGroup;
			children = (
				09E5EC8318A5A84C00B21D97 /* stk */,
				095D12EE17ACA9CA0048A012 /* libsp */,
				095D12CD17ACA36C0048A012 /* Auragraph */,
				095D12C217ACA36C0048A012 /* Frameworks */,
				095D12C117ACA36C0048A012 /* Products */,
			);
			sourceTree = "<group>";
		};
		095D12C117ACA36C0048A012 /* Products */ = {
			isa = PBXGroup;
			children = (
				095D12C017ACA36C0048A012 /* AURAGLPH.app */,
			);
			name = Products;
			sourceTree = "<group>";
		};
		095D12C217ACA36C0048A012 /* Frameworks */ = {
			isa = PBXGroup;
			children = (
				099AF12B17D1A6EE000BAB7B /* libz.dylib */,
				099AF11917D1A6DA000BAB7B /* zip */,
				098740BC17BCD9810098511A /* CoreText.framework */,
				098740A417BA317E0098511A /* AudioToolbox.framework */,
				095E84EA17B354BE0065EF8E /* LipiTk */,
				095D12C317ACA36C0048A012 /* UIKit.framework */,
				095D12C517ACA36C0048A012 /* Foundation.framework */,
				095D12C717ACA36C0048A012 /* CoreGraphics.framework */,
				095D12C917ACA36C0048A012 /* GLKit.framework */,
				095D12CB17ACA36C0048A012 /* OpenGLES.framework */,
			);
			name = Frameworks;
			sourceTree = "<group>";
		};
		095D12CD17ACA36C0048A012 /* Auragraph */ = {
			isa = PBXGroup;
			children = (
				095E853017B358FC0065EF8E /* shaperectst.h */,
				09077FD117C0BFFA00DFE42F /* AGDef.h */,
				095E852F17B358FC0065EF8E /* shaperectst.mm */,
				095D12D617ACA36C0048A012 /* AGAppDelegate.h */,
				095D12D717ACA36C0048A012 /* AGAppDelegate.mm */,
				095D12E317ACA36C0048A012 /* AGViewController.h */,
				095D12E417ACA36C0048A012 /* AGViewController.mm */,
				095D12E617ACA36C0048A012 /* AGViewController.xib */,
				09891314189F70D200AB98AD /* AGTouchHandler.h */,
				09891315189F70D200AB98AD /* AGTouchHandler.mm */,
				095E854017B5E1D30065EF8E /* AGHandwritingRecognizer.h */,
				095E854117B5E1D30065EF8E /* AGHandwritingRecognizer.mm */,
				098740A117BA2EA70098511A /* AGAudioManager.h */,
				098740A217BA2EA70098511A /* AGAudioManager.mm */,
				09F700B51D6FA79B00294BDD /* AGAudioRenderer.h */,
				09B674461D6DA2B200F84E09 /* AGAudioCapturer.h */,
				09F700B41D6FA75900294BDD /* AGAudioOutputDestination.h */,
				098F9B3919EE49BA00CE2F24 /* AGRenderObject.h */,
				098F9B3819EE49BA00CE2F24 /* AGRenderObject.mm */,
				0985E5351D8C952800B536C8 /* AGInteractiveObject.h */,
				0985E5341D8C952800B536C8 /* AGInteractiveObject.mm */,
				0987409B17B98D7C0098511A /* AGNode.h */,
				0987409A17B98D7C0098511A /* AGNode.mm */,
				09FC924A1A153A83005D14A3 /* AGConnection.h */,
				09FC92491A153A83005D14A3 /* AGConnection.mm */,
				098740AC17BC377E0098511A /* AGAudioNode.h */,
				098740AB17BC377E0098511A /* AGAudioNode.mm */,
				093395731A088849009E4802 /* AGControlNode.h */,
				093395721A088849009E4802 /* AGControlNode.mm */,
				0927D7DF1ADCE4E000AD8AE5 /* AGInputNode.h */,
				0927D7DE1ADCE4E000AD8AE5 /* AGInputNode.mm */,
				09F6E8791D6A3758006DBC9E /* AGOutputNode.h */,
				09F6E8781D6A3758006DBC9E /* AGOutputNode.mm */,
				09B674411D6D9D6500F84E09 /* Nodes */,
				098740B217BC61410098511A /* AGUserInterface.h */,
				098740B117BC61410098511A /* AGUserInterface.mm */,
				093395761A08BFAC009E4802 /* AGNodeSelector.h */,
				093395751A08BFAC009E4802 /* AGNodeSelector.mm */,
				091C70CB1C48A9A600B513C2 /* AGUINodeEditor.h */,
				091C70CA1C48A9A600B513C2 /* AGUINodeEditor.mm */,
				09F29DAE1CCA086200502C01 /* AGSlider.h */,
				09F29DAD1CCA086200502C01 /* AGSlider.mm */,
				09E5EC8118A46F7300B21D97 /* AGControl.h */,
				09E5EC8018A46F7300B21D97 /* AGControl.mm */,
				093395791A0A3785009E4802 /* AGAboutBox.h */,
				093395781A0A3785009E4802 /* AGAboutBox.mm */,
				0901C1BB17BE2F970032904B /* AGGenericShader.h */,
				0901C1BA17BE2F970032904B /* AGGenericShader.mm */,
				095D12E117ACA36C0048A012 /* Shader.vsh */,
				095D12DF17ACA36C0048A012 /* Shader.fsh */,
				09D9D2E917ECF65D00938871 /* Clip.vsh */,
				09D9D2E817ECF65D00938871 /* Clip.fsh */,
				0989131818A07E1200AB98AD /* Texture.vsh */,
				0989131718A07E1200AB98AD /* Texture.fsh */,
				09C7C3E318CF27AC0099CE88 /* Waveform.vsh */,
				09C7C3E218CF27AC0099CE88 /* Waveform.fsh */,
				098C0E1317C4278C00171366 /* Screen.vsh */,
				098C0E1217C4278C00171366 /* Screen.fsh */,
				0910817F1A0B63DB0063028B /* AGStyle.h */,
				0910817E1A0B63DB0063028B /* AGStyle.mm */,
				09FC92461A14F55D005D14A3 /* AGTimer.h */,
				09FC92451A14F55D005D14A3 /* AGTimer.mm */,
				09412E051A205A070065598D /* AGDocument.h */,
				09412E041A205A070065598D /* AGDocument.mm */,
				099AF11017D12DD9000BAB7B /* AGTrainerViewController.h */,
				099AF11117D12DD9000BAB7B /* AGTrainerViewController.mm */,
				099AF11217D12DD9000BAB7B /* AGTrainerViewController.xib */,
				099AF11517D13365000BAB7B /* AGTrainerViewCell.xib */,
				099AF11717D157C5000BAB7B /* AGTrainerHeaderView.xib */,
				0989130F189F6D3A00AB98AD /* Images */,
				095D12CE17ACA36C0048A012 /* Supporting Files */,
			);
			path = Auragraph;
			sourceTree = "<group>";
		};
		095D12CE17ACA36C0048A012 /* Supporting Files */ = {
			isa = PBXGroup;
			children = (
				0900A3811B04A10800C249D9 /* Images.xcassets */,
				090354F61A329EAA00F68107 /* bankgthd.ttf */,
				09D8C3FE1A0A4DF2008D788A /* OFL.txt */,
				090354F41A325CCD00F68107 /* Microgramma.ttf */,
				0933956A1A019E4F009E4802 /* Orbitron-Medium.ttf */,
				093395681A019D43009E4802 /* Orbitron-Regular.ttf */,
				093395661A00FABC009E4802 /* Endzone Tech.ttf */,
				099AF10E17CF9EE5000BAB7B /* AURAGRPH-AppIcon144.png */,
				0901C1C117BE3C4B0032904B /* eichante.ttf */,
				0901C1BF17BE3C460032904B /* SourceCodePro-Regular.ttf */,
				098740BE17BCE0130098511A /* Perfect DOS VGA 437.ttf */,
				098740B417BCBA4C0098511A /* Consolas.ttf */,
				095D12CF17ACA36C0048A012 /* Auragraph-Info.plist */,
				095D12D017ACA36C0048A012 /* InfoPlist.strings */,
				095D12D317ACA36C0048A012 /* main.m */,
				095D12D517ACA36C0048A012 /* Auragraph-Prefix.pch */,
				095D12D917ACA36C0048A012 /* Default.png */,
				095D12DB17ACA36C0048A012 /* Default@2x.png */,
				095D12DD17ACA36C0048A012 /* Default-568h@2x.png */,
			);
			name = "Supporting Files";
			sourceTree = "<group>";
		};
		095D12EE17ACA9CA0048A012 /* libsp */ = {
			isa = PBXGroup;
			children = (
				09E5EC7E18A36A9D00B21D97 /* SPFilter.h */,
				09E5EC7D18A36A9D00B21D97 /* SPFilter.cpp */,
				0987409D17BA2AB90098511A /* mo_audio.h */,
				0987409E17BA2AB90098511A /* mo_audio.mm */,
				0987409F17BA2AB90098511A /* mo_def.h */,
				095D12F717ACAA100048A012 /* Geometry.h */,
				095D12F617ACAA100048A012 /* Geometry.cpp */,
				093D631E18CECF0A0012C4B7 /* Animation.h */,
				095D12F817ACAA100048A012 /* hsv.h */,
				095D12F917ACAA100048A012 /* Texture.h */,
				095D12FA17ACAA100048A012 /* Texture.mm */,
				095D12FD17ACAB7B0048A012 /* ShaderHelper.h */,
				095D12FE17ACAB7B0048A012 /* ShaderHelper.mm */,
				095D130017ACC5120048A012 /* UIKitGL.h */,
				098740A917BB99DE0098511A /* TexFont.h */,
				098740A817BB99DE0098511A /* TexFont.mm */,
				098740B717BCC16B0098511A /* TexFont.vsh */,
				098740B617BCC16B0098511A /* TexFont.fsh */,
				098740AF17BC527E0098511A /* ES2Render.h */,
				098740AE17BC527E0098511A /* ES2Render.mm */,
				09E5EC7B18A3484F00B21D97 /* Mutex.h */,
				09E5EC7A18A3484F00B21D97 /* Mutex.cpp */,
				09817F3719F78B3F000E9FB3 /* GeoGenerator.h */,
				09817F3819F87CC7000E9FB3 /* GeoGenerator.cpp */,
				09A8BB4019F9E39E00E15BF7 /* spMath.h */,
				09FC92481A14F915005D14A3 /* spstl.h */,
				09412E081A210B630065598D /* sputil.h */,
				09412E071A210B630065598D /* sputil.cpp */,
				0991BA7D1D83A5140080175C /* spdsp.h */,
				0991BA7C1D83A5140080175C /* spdsp.cpp */,
				09412E0A1A2112300065598D /* NSString+STLString.h */,
				09412E0B1A2112300065598D /* NSString+STLString.mm */,
				09F700B71D71046300294BDD /* Buffers.h */,
				09F700B61D71046300294BDD /* Buffers.cpp */,
			);
			path = libsp;
			sourceTree = "<group>";
		};
		095E84EA17B354BE0065EF8E /* LipiTk */ = {
			isa = PBXGroup;
			children = (
				099AF12D17D1A892000BAB7B /* projects.zip */,
				095E84EB17B354BE0065EF8E /* include */,
				095E850C17B354BE0065EF8E /* lib */,
			);
			path = LipiTk;
			sourceTree = "<group>";
		};
		095E84EB17B354BE0065EF8E /* include */ = {
			isa = PBXGroup;
			children = (
				095E853217B35A330065EF8E /* LTKCheckSumGenerate.h */,
				095E853317B35A330065EF8E /* LTKConfigFileReader.h */,
				095E853417B35A330065EF8E /* LTKDynamicTimeWarping.h */,
				095E853517B35A330065EF8E /* LTKErrors.h */,
				095E853617B35A330065EF8E /* LTKHierarchicalClustering.h */,
				095E853717B35A330065EF8E /* LTKImageWriter.h */,
				095E853817B35A330065EF8E /* LTKInkFileReader.h */,
				095E853917B35A330065EF8E /* LTKInkFileWriter.h */,
				095E853A17B35A330065EF8E /* LTKInkUtils.h */,
				095E853B17B35A330065EF8E /* LTKLinuxUtil.h */,
				095E853C17B35A330065EF8E /* LTKLoggerUtil.h */,
				095E853D17B35A330065EF8E /* LTKStrEncoding.h */,
				095E853E17B35A330065EF8E /* LTKStringUtil.h */,
				095E853F17B35A330065EF8E /* LTKVersionCompatibilityCheck.h */,
				095E84EC17B354BE0065EF8E /* LTKCaptureDevice.h */,
				095E84ED17B354BE0065EF8E /* LTKChannel.h */,
				095E84EE17B354BE0065EF8E /* LTKClassifierDefaults.h */,
				095E84EF17B354BE0065EF8E /* LTKErrorsList.h */,
				095E84F017B354BE0065EF8E /* LTKException.h */,
				095E84F117B354BE0065EF8E /* LTKInc.h */,
				095E84F217B354BE0065EF8E /* LTKLipiEngineInterface.h */,
				095E84F317B354BE0065EF8E /* LTKLogger.h */,
				095E84F417B354BE0065EF8E /* LTKLoggerInterface.h */,
				095E84F517B354BE0065EF8E /* LTKMacros.h */,
				095E84F617B354BE0065EF8E /* LTKOSUtil.h */,
				095E84F717B354BE0065EF8E /* LTKOSUtilFactory.h */,
				095E84F817B354BE0065EF8E /* LTKPreprocDefaults.h */,
				095E84F917B354BE0065EF8E /* LTKPreprocessor.h */,
				095E84FA17B354BE0065EF8E /* LTKPreprocessorInterface.h */,
				095E84FB17B354BE0065EF8E /* LTKRecognitionContext.h */,
				095E84FC17B354BE0065EF8E /* LTKRefCountedPtr.h */,
				095E84FD17B354BE0065EF8E /* LTKScreenContext.h */,
				095E84FE17B354BE0065EF8E /* LTKShapeFeatureMacros.h */,
				095E84FF17B354BE0065EF8E /* LTKShapeRecoConfig.h */,
				095E850017B354BE0065EF8E /* LTKShapeRecoEngine.h */,
				095E850117B354BE0065EF8E /* LTKShapeRecognizer.h */,
				095E850217B354BE0065EF8E /* LTKShapeRecoResult.h */,
				095E850317B354BE0065EF8E /* LTKShapeRecoUtil.h */,
				095E850417B354BE0065EF8E /* LTKTrace.h */,
				095E850517B354BE0065EF8E /* LTKTraceFormat.h */,
				095E850617B354BE0065EF8E /* LTKTraceGroup.h */,
				095E850717B354BE0065EF8E /* LTKTypes.h */,
				095E850817B354BE0065EF8E /* LTKWordRecoConfig.h */,
				095E850917B354BE0065EF8E /* LTKWordRecognizer.h */,
				095E850A17B354BE0065EF8E /* LTKWordRecoResult.h */,
				095E850B17B354BE0065EF8E /* TpcError.h */,
			);
			path = include;
			sourceTree = "<group>";
		};
		095E850C17B354BE0065EF8E /* lib */ = {
			isa = PBXGroup;
			children = (
				095E850D17B354BE0065EF8E /* libactivedtw.a */,
				095E850E17B354BE0065EF8E /* libboxfld.a */,
				095E851417B354BE0065EF8E /* libneuralnet.a */,
				095E851517B354BE0065EF8E /* libnn.a */,
				095E851117B354BE0065EF8E /* libl7.a */,
				095E851617B354BE0065EF8E /* libnpen.a */,
				095E851717B354BE0065EF8E /* libpointfloat.a */,
				095E851817B354BE0065EF8E /* libpreproc.a */,
				095E851A17B354BE0065EF8E /* libsubstroke.a */,
				095E851217B354BE0065EF8E /* liblipiengine.a */,
				095E851317B354BE0065EF8E /* liblogger.a */,
				095E850F17B354BE0065EF8E /* libcommon.a */,
				095E851017B354BE0065EF8E /* libfeatureextractorcommon.a */,
				095E851917B354BE0065EF8E /* libshaperecommon.a */,
				095E851B17B354BE0065EF8E /* libutil.a */,
				095E851C17B354BE0065EF8E /* libwordreccommon.a */,
			);
			path = lib;
			sourceTree = "<group>";
		};
		0989130F189F6D3A00AB98AD /* Images */ = {
			isa = PBXGroup;
			children = (
				09FC924C1A153C0A005D14A3 /* flare.png */,
				09891311189F6D3A00AB98AD /* trash.png */,
			);
			path = Images;
			sourceTree = "<group>";
		};
		099AF11917D1A6DA000BAB7B /* zip */ = {
			isa = PBXGroup;
			children = (
				099AF11A17D1A6DA000BAB7B /* minizip */,
				099AF12417D1A6DA000BAB7B /* SSZipArchive.h */,
				099AF12517D1A6DA000BAB7B /* SSZipArchive.m */,
			);
			path = zip;
			sourceTree = "<group>";
		};
		099AF11A17D1A6DA000BAB7B /* minizip */ = {
			isa = PBXGroup;
			children = (
				099AF11B17D1A6DA000BAB7B /* crypt.h */,
				099AF11C17D1A6DA000BAB7B /* ioapi.c */,
				099AF11D17D1A6DA000BAB7B /* ioapi.h */,
				099AF11E17D1A6DA000BAB7B /* mztools.c */,
				099AF11F17D1A6DA000BAB7B /* mztools.h */,
				099AF12017D1A6DA000BAB7B /* unzip.c */,
				099AF12117D1A6DA000BAB7B /* unzip.h */,
				099AF12217D1A6DA000BAB7B /* zip.c */,
				099AF12317D1A6DA000BAB7B /* zip.h */,
			);
			path = minizip;
			sourceTree = "<group>";
		};
		09B674411D6D9D6500F84E09 /* Nodes */ = {
			isa = PBXGroup;
			children = (
				0933956D1A08799A009E4802 /* AGFormulaNode.h */,
				0933956C1A08799A009E4802 /* AGFormulaNode.mm */,
				093395701A088612009E4802 /* AGArrayNode.h */,
				0933956F1A088612009E4802 /* AGArrayNode.mm */,
				09B674431D6D9E8700F84E09 /* AGCompositeNode.h */,
				09B674421D6D9E8700F84E09 /* AGCompositeNode.mm */,
				0991BA791D839BB10080175C /* AGCompressorNode.h */,
				0991BA781D839BB10080175C /* AGCompressorNode.mm */,
				096F42041D9CF04600600717 /* AGWaveformAudioNode.h */,
				096F42031D9CF04600600717 /* AGWaveformAudioNode.mm */,
			);
			path = Nodes;
			sourceTree = "<group>";
		};
		09E5EC8318A5A84C00B21D97 /* stk */ = {
			isa = PBXGroup;
			children = (
				09E5EC8518A5A86900B21D97 /* include */,
				09E5EC8418A5A86400B21D97 /* src */,
			);
			path = stk;
			sourceTree = "<group>";
		};
		09E5EC8418A5A86400B21D97 /* src */ = {
			isa = PBXGroup;
			children = (
				09F2D5371D7EA33400F537C7 /* Delay.cpp */,
				09F2D5381D7EA33400F537C7 /* DelayA.cpp */,
				09F2D5391D7EA33400F537C7 /* DelayL.cpp */,
				09E5EC8618A5A88100B21D97 /* ADSR.cpp */,
				09F3C50718A5A8C300E499AF /* Stk.cpp */,
			);
			path = src;
			sourceTree = "<group>";
		};
		09E5EC8518A5A86900B21D97 /* include */ = {
			isa = PBXGroup;
			children = (
				09F3C50918A5A8D500E499AF /* ADSR.h */,
				09F3C50B18A5A8E000E499AF /* Generator.h */,
				09F3C50A18A5A8D500E499AF /* Stk.h */,
				09F2D5431D7EA35300F537C7 /* Delay.h */,
				09F2D5441D7EA35300F537C7 /* DelayA.h */,
				09F2D5451D7EA35300F537C7 /* DelayL.h */,
				09F2D5461D7EA35E00F537C7 /* Filter.h */,
			);
			path = include;
			sourceTree = "<group>";
		};
/* End PBXGroup section */

/* Begin PBXNativeTarget section */
		095D12BF17ACA36C0048A012 /* Auragraph */ = {
			isa = PBXNativeTarget;
			buildConfigurationList = 095D12EB17ACA36C0048A012 /* Build configuration list for PBXNativeTarget "Auragraph" */;
			buildPhases = (
				095D12BC17ACA36C0048A012 /* Sources */,
				095D12BD17ACA36C0048A012 /* Frameworks */,
				095D12BE17ACA36C0048A012 /* Resources */,
			);
			buildRules = (
			);
			dependencies = (
			);
			name = Auragraph;
			productName = Auragraph;
			productReference = 095D12C017ACA36C0048A012 /* AURAGLPH.app */;
			productType = "com.apple.product-type.application";
		};
/* End PBXNativeTarget section */

/* Begin PBXProject section */
		095D12B817ACA36C0048A012 /* Project object */ = {
			isa = PBXProject;
			attributes = {
				CLASSPREFIX = AG;
				LastUpgradeCheck = 0460;
				ORGANIZATIONNAME = "Spencer Salazar";
				TargetAttributes = {
					095D12BF17ACA36C0048A012 = {
						DevelopmentTeam = 9GU9FHJ3JC;
					};
				};
			};
			buildConfigurationList = 095D12BB17ACA36C0048A012 /* Build configuration list for PBXProject "Auragraph" */;
			compatibilityVersion = "Xcode 3.2";
			developmentRegion = English;
			hasScannedForEncodings = 0;
			knownRegions = (
				en,
			);
			mainGroup = 095D12B717ACA36C0048A012;
			productRefGroup = 095D12C117ACA36C0048A012 /* Products */;
			projectDirPath = "";
			projectRoot = "";
			targets = (
				095D12BF17ACA36C0048A012 /* Auragraph */,
			);
		};
/* End PBXProject section */

/* Begin PBXResourcesBuildPhase section */
		095D12BE17ACA36C0048A012 /* Resources */ = {
			isa = PBXResourcesBuildPhase;
			buildActionMask = 2147483647;
			files = (
				09C7C3E618CF2B8E0099CE88 /* Waveform.vsh in Resources */,
				09C7C3E718CF2B8E0099CE88 /* Waveform.fsh in Resources */,
				0989132118A0870000AB98AD /* TexFont.fsh in Resources */,
				0989132218A0870000AB98AD /* Screen.fsh in Resources */,
				0989132318A0870000AB98AD /* Clip.fsh in Resources */,
				0989132418A0870000AB98AD /* Shader.fsh in Resources */,
				09FC924D1A153C0A005D14A3 /* flare.png in Resources */,
				0989132518A0870000AB98AD /* Texture.fsh in Resources */,
				0900A3821B04A10800C249D9 /* Images.xcassets in Resources */,
				0989131C18A086E800AB98AD /* TexFont.vsh in Resources */,
				0933956B1A019E4F009E4802 /* Orbitron-Medium.ttf in Resources */,
				0989131D18A086E800AB98AD /* Screen.vsh in Resources */,
				0989131E18A086E800AB98AD /* Clip.vsh in Resources */,
				0989131F18A086E800AB98AD /* Shader.vsh in Resources */,
				0989132018A086E800AB98AD /* Texture.vsh in Resources */,
				095D12D217ACA36C0048A012 /* InfoPlist.strings in Resources */,
				095D12DA17ACA36C0048A012 /* Default.png in Resources */,
				09D8C3FF1A0A4DF2008D788A /* OFL.txt in Resources */,
				093395691A019D43009E4802 /* Orbitron-Regular.ttf in Resources */,
				095D12DC17ACA36C0048A012 /* Default@2x.png in Resources */,
				095D12DE17ACA36C0048A012 /* Default-568h@2x.png in Resources */,
				095D12E817ACA36C0048A012 /* AGViewController.xib in Resources */,
				09891313189F6D3A00AB98AD /* trash.png in Resources */,
				098740B517BCBA4C0098511A /* Consolas.ttf in Resources */,
				093395671A00FABC009E4802 /* Endzone Tech.ttf in Resources */,
				098740BF17BCE0130098511A /* Perfect DOS VGA 437.ttf in Resources */,
				0901C1C017BE3C460032904B /* SourceCodePro-Regular.ttf in Resources */,
				0901C1C217BE3C4B0032904B /* eichante.ttf in Resources */,
				099AF10F17CF9EE5000BAB7B /* AURAGRPH-AppIcon144.png in Resources */,
				099AF11417D12DD9000BAB7B /* AGTrainerViewController.xib in Resources */,
				099AF11617D13365000BAB7B /* AGTrainerViewCell.xib in Resources */,
				099AF11817D157C5000BAB7B /* AGTrainerHeaderView.xib in Resources */,
				090354F71A329EAA00F68107 /* bankgthd.ttf in Resources */,
				090354F51A325CCD00F68107 /* Microgramma.ttf in Resources */,
				099AF12E17D1A892000BAB7B /* projects.zip in Resources */,
			);
			runOnlyForDeploymentPostprocessing = 0;
		};
/* End PBXResourcesBuildPhase section */

/* Begin PBXSourcesBuildPhase section */
		095D12BC17ACA36C0048A012 /* Sources */ = {
			isa = PBXSourcesBuildPhase;
			buildActionMask = 2147483647;
			files = (
				09F2D53B1D7EA33400F537C7 /* DelayA.cpp in Sources */,
				091C70CC1C48A9A600B513C2 /* AGUINodeEditor.mm in Sources */,
				095D12D417ACA36C0048A012 /* main.m in Sources */,
				0933956E1A08799A009E4802 /* AGFormulaNode.mm in Sources */,
				0927D7E01ADCE4E000AD8AE5 /* AGInputNode.mm in Sources */,
				09F29DAF1CCA086200502C01 /* AGSlider.mm in Sources */,
				095D12D817ACA36C0048A012 /* AGAppDelegate.mm in Sources */,
				095D12E517ACA36C0048A012 /* AGViewController.mm in Sources */,
				09E5EC8218A46F7300B21D97 /* AGControl.mm in Sources */,
				09891316189F70D200AB98AD /* AGTouchHandler.mm in Sources */,
				09F6E87A1D6A3758006DBC9E /* AGOutputNode.mm in Sources */,
				095D12FB17ACAA100048A012 /* Geometry.cpp in Sources */,
				093395771A08BFAC009E4802 /* AGNodeSelector.mm in Sources */,
				096F42051D9CF04600600717 /* AGWaveformAudioNode.mm in Sources */,
				09F700B81D71046300294BDD /* Buffers.cpp in Sources */,
				0985E5361D8C952800B536C8 /* AGInteractiveObject.mm in Sources */,
				095D12FC17ACAA100048A012 /* Texture.mm in Sources */,
				09E5EC7F18A36A9D00B21D97 /* SPFilter.cpp in Sources */,
				0991BA7E1D83A5140080175C /* spdsp.cpp in Sources */,
				09F2D53C1D7EA33400F537C7 /* DelayL.cpp in Sources */,
				09FC92471A14F55D005D14A3 /* AGTimer.mm in Sources */,
				093395741A088849009E4802 /* AGControlNode.mm in Sources */,
				09F3C50818A5A8C300E499AF /* Stk.cpp in Sources */,
				09817F3919F87CC7000E9FB3 /* GeoGenerator.cpp in Sources */,
				093395711A088612009E4802 /* AGArrayNode.mm in Sources */,
				0991BA7A1D839BB10080175C /* AGCompressorNode.mm in Sources */,
				09E5EC8718A5A88100B21D97 /* ADSR.cpp in Sources */,
				09E5EC7C18A3484F00B21D97 /* Mutex.cpp in Sources */,
				09412E0C1A2112300065598D /* NSString+STLString.mm in Sources */,
				098F9B3A19EE49BA00CE2F24 /* AGRenderObject.mm in Sources */,
				095D12FF17ACAB7B0048A012 /* ShaderHelper.mm in Sources */,
				095E853117B358FC0065EF8E /* shaperectst.mm in Sources */,
				095E854217B5E1D30065EF8E /* AGHandwritingRecognizer.mm in Sources */,
				09412E091A210B630065598D /* sputil.cpp in Sources */,
				0987409C17B98D7C0098511A /* AGNode.mm in Sources */,
				098740A017BA2AB90098511A /* mo_audio.mm in Sources */,
				098740A317BA2EA70098511A /* AGAudioManager.mm in Sources */,
				098740AA17BB99DE0098511A /* TexFont.mm in Sources */,
				098740AD17BC377E0098511A /* AGAudioNode.mm in Sources */,
				098740B017BC527E0098511A /* ES2Render.mm in Sources */,
				09FC924B1A153A83005D14A3 /* AGConnection.mm in Sources */,
				098740B317BC61410098511A /* AGUserInterface.mm in Sources */,
				09B674441D6D9E8700F84E09 /* AGCompositeNode.mm in Sources */,
				0901C1BC17BE2F970032904B /* AGGenericShader.mm in Sources */,
				09412E061A205A070065598D /* AGDocument.mm in Sources */,
				091081801A0B63DB0063028B /* AGStyle.mm in Sources */,
				099AF11317D12DD9000BAB7B /* AGTrainerViewController.mm in Sources */,
				09F2D53A1D7EA33400F537C7 /* Delay.cpp in Sources */,
				099AF12617D1A6DA000BAB7B /* ioapi.c in Sources */,
				099AF12717D1A6DA000BAB7B /* mztools.c in Sources */,
				099AF12817D1A6DA000BAB7B /* unzip.c in Sources */,
				099AF12917D1A6DA000BAB7B /* zip.c in Sources */,
				099AF12A17D1A6DA000BAB7B /* SSZipArchive.m in Sources */,
				0933957A1A0A3785009E4802 /* AGAboutBox.mm in Sources */,
			);
			runOnlyForDeploymentPostprocessing = 0;
		};
/* End PBXSourcesBuildPhase section */

/* Begin PBXVariantGroup section */
		095D12D017ACA36C0048A012 /* InfoPlist.strings */ = {
			isa = PBXVariantGroup;
			children = (
				095D12D117ACA36C0048A012 /* en */,
			);
			name = InfoPlist.strings;
			sourceTree = "<group>";
		};
		095D12E617ACA36C0048A012 /* AGViewController.xib */ = {
			isa = PBXVariantGroup;
			children = (
				095D12E717ACA36C0048A012 /* en */,
			);
			name = AGViewController.xib;
			sourceTree = "<group>";
		};
/* End PBXVariantGroup section */

/* Begin XCBuildConfiguration section */
		095D12E917ACA36C0048A012 /* Debug */ = {
			isa = XCBuildConfiguration;
			buildSettings = {
				ALWAYS_SEARCH_USER_PATHS = NO;
				CLANG_CXX_LANGUAGE_STANDARD = "gnu++0x";
				CLANG_CXX_LIBRARY = "libc++";
				CLANG_ENABLE_OBJC_ARC = YES;
				CLANG_WARN_CONSTANT_CONVERSION = YES;
				CLANG_WARN_EMPTY_BODY = YES;
				CLANG_WARN_ENUM_CONVERSION = YES;
				CLANG_WARN_INT_CONVERSION = YES;
				CLANG_WARN__DUPLICATE_METHOD_MATCH = YES;
				"CODE_SIGN_IDENTITY[sdk=iphoneos*]" = "iPhone Developer";
				COPY_PHASE_STRIP = NO;
				GCC_C_LANGUAGE_STANDARD = gnu99;
				GCC_DYNAMIC_NO_PIC = NO;
				GCC_OPTIMIZATION_LEVEL = 0;
				GCC_PREPROCESSOR_DEFINITIONS = (
					"DEBUG=1",
					"$(inherited)",
				);
				GCC_SYMBOLS_PRIVATE_EXTERN = NO;
				GCC_WARN_ABOUT_RETURN_TYPE = YES;
				GCC_WARN_UNINITIALIZED_AUTOS = YES;
				GCC_WARN_UNUSED_VARIABLE = YES;
				IPHONEOS_DEPLOYMENT_TARGET = 6.1;
				ONLY_ACTIVE_ARCH = YES;
				SDKROOT = iphoneos;
				TARGETED_DEVICE_FAMILY = 2;
			};
			name = Debug;
		};
		095D12EA17ACA36C0048A012 /* Release */ = {
			isa = XCBuildConfiguration;
			buildSettings = {
				ALWAYS_SEARCH_USER_PATHS = NO;
				CLANG_CXX_LANGUAGE_STANDARD = "gnu++0x";
				CLANG_CXX_LIBRARY = "libc++";
				CLANG_ENABLE_OBJC_ARC = YES;
				CLANG_WARN_CONSTANT_CONVERSION = YES;
				CLANG_WARN_EMPTY_BODY = YES;
				CLANG_WARN_ENUM_CONVERSION = YES;
				CLANG_WARN_INT_CONVERSION = YES;
				CLANG_WARN__DUPLICATE_METHOD_MATCH = YES;
				"CODE_SIGN_IDENTITY[sdk=iphoneos*]" = "iPhone Developer";
				COPY_PHASE_STRIP = YES;
				GCC_C_LANGUAGE_STANDARD = gnu99;
				GCC_WARN_ABOUT_RETURN_TYPE = YES;
				GCC_WARN_UNINITIALIZED_AUTOS = YES;
				GCC_WARN_UNUSED_VARIABLE = YES;
				IPHONEOS_DEPLOYMENT_TARGET = 6.1;
				OTHER_CFLAGS = "-DNS_BLOCK_ASSERTIONS=1";
				SDKROOT = iphoneos;
				TARGETED_DEVICE_FAMILY = 2;
				VALIDATE_PRODUCT = YES;
			};
			name = Release;
		};
		095D12EC17ACA36C0048A012 /* Debug */ = {
			isa = XCBuildConfiguration;
			buildSettings = {
				ARCHS = armv7;
				ASSETCATALOG_COMPILER_APPICON_NAME = AppIcon;
				ASSETCATALOG_COMPILER_LAUNCHIMAGE_NAME = LaunchImage;
				CLANG_CXX_LIBRARY = "libc++";
				DEAD_CODE_STRIPPING = NO;
				DEVELOPMENT_TEAM = 9GU9FHJ3JC;
				ENABLE_BITCODE = NO;
				GCC_PRECOMPILE_PREFIX_HEADER = YES;
				GCC_PREFIX_HEADER = "Auragraph/Auragraph-Prefix.pch";
				HEADER_SEARCH_PATHS = "\"$(PROJECT_DIR)/LipiTk/include\"";
				INFOPLIST_FILE = "Auragraph/Auragraph-Info.plist";
				KEEP_PRIVATE_EXTERNS = YES;
				LIBRARY_SEARCH_PATHS = (
					"$(inherited)",
					"\"$(SRCROOT)/LipiTk/lib\"",
					"$(PROJECT_DIR)/LipiTk/lib",
				);
				OTHER_LDFLAGS = "-all_load";
				PRODUCT_NAME = AURAGLPH;
				WRAPPER_EXTENSION = app;
			};
			name = Debug;
		};
		095D12ED17ACA36C0048A012 /* Release */ = {
			isa = XCBuildConfiguration;
			buildSettings = {
				ARCHS = armv7;
				ASSETCATALOG_COMPILER_APPICON_NAME = AppIcon;
				ASSETCATALOG_COMPILER_LAUNCHIMAGE_NAME = LaunchImage;
				CLANG_CXX_LIBRARY = "libc++";
				DEAD_CODE_STRIPPING = NO;
				DEVELOPMENT_TEAM = 9GU9FHJ3JC;
				ENABLE_BITCODE = NO;
				GCC_PRECOMPILE_PREFIX_HEADER = YES;
				GCC_PREFIX_HEADER = "Auragraph/Auragraph-Prefix.pch";
				HEADER_SEARCH_PATHS = "\"$(PROJECT_DIR)/LipiTk/include\"";
				INFOPLIST_FILE = "Auragraph/Auragraph-Info.plist";
				KEEP_PRIVATE_EXTERNS = YES;
				LIBRARY_SEARCH_PATHS = (
					"$(inherited)",
					"\"$(SRCROOT)/LipiTk/lib\"",
					"$(PROJECT_DIR)/LipiTk/lib",
				);
				OTHER_LDFLAGS = "-all_load";
				PRODUCT_NAME = AURAGLPH;
				WRAPPER_EXTENSION = app;
			};
			name = Release;
		};
/* End XCBuildConfiguration section */

/* Begin XCConfigurationList section */
		095D12BB17ACA36C0048A012 /* Build configuration list for PBXProject "Auragraph" */ = {
			isa = XCConfigurationList;
			buildConfigurations = (
				095D12E917ACA36C0048A012 /* Debug */,
				095D12EA17ACA36C0048A012 /* Release */,
			);
			defaultConfigurationIsVisible = 0;
			defaultConfigurationName = Release;
		};
		095D12EB17ACA36C0048A012 /* Build configuration list for PBXNativeTarget "Auragraph" */ = {
			isa = XCConfigurationList;
			buildConfigurations = (
				095D12EC17ACA36C0048A012 /* Debug */,
				095D12ED17ACA36C0048A012 /* Release */,
			);
			defaultConfigurationIsVisible = 0;
			defaultConfigurationName = Release;
		};
/* End XCConfigurationList section */
	};
	rootObject = 095D12B817ACA36C0048A012 /* Project object */;
}
