// !$*UTF8*$!
{
	archiveVersion = 1;
	classes = {
	};
	objectVersion = 46;
	objects = {

/* Begin PBXBuildFile section */
		095D12C417ACA36C0048A012 /* UIKit.framework in Frameworks */ = {isa = PBXBuildFile; fileRef = 095D12C317ACA36C0048A012 /* UIKit.framework */; };
		095D12C617ACA36C0048A012 /* Foundation.framework in Frameworks */ = {isa = PBXBuildFile; fileRef = 095D12C517ACA36C0048A012 /* Foundation.framework */; };
		095D12C817ACA36C0048A012 /* CoreGraphics.framework in Frameworks */ = {isa = PBXBuildFile; fileRef = 095D12C717ACA36C0048A012 /* CoreGraphics.framework */; };
		095D12CA17ACA36C0048A012 /* GLKit.framework in Frameworks */ = {isa = PBXBuildFile; fileRef = 095D12C917ACA36C0048A012 /* GLKit.framework */; };
		095D12CC17ACA36C0048A012 /* OpenGLES.framework in Frameworks */ = {isa = PBXBuildFile; fileRef = 095D12CB17ACA36C0048A012 /* OpenGLES.framework */; };
		095D12D217ACA36C0048A012 /* InfoPlist.strings in Resources */ = {isa = PBXBuildFile; fileRef = 095D12D017ACA36C0048A012 /* InfoPlist.strings */; };
		095D12D417ACA36C0048A012 /* main.m in Sources */ = {isa = PBXBuildFile; fileRef = 095D12D317ACA36C0048A012 /* main.m */; };
		095D12D817ACA36C0048A012 /* AGAppDelegate.m in Sources */ = {isa = PBXBuildFile; fileRef = 095D12D717ACA36C0048A012 /* AGAppDelegate.m */; };
		095D12DA17ACA36C0048A012 /* Default.png in Resources */ = {isa = PBXBuildFile; fileRef = 095D12D917ACA36C0048A012 /* Default.png */; };
		095D12DC17ACA36C0048A012 /* Default@2x.png in Resources */ = {isa = PBXBuildFile; fileRef = 095D12DB17ACA36C0048A012 /* Default@2x.png */; };
		095D12DE17ACA36C0048A012 /* Default-568h@2x.png in Resources */ = {isa = PBXBuildFile; fileRef = 095D12DD17ACA36C0048A012 /* Default-568h@2x.png */; };
		095D12E017ACA36C0048A012 /* Shader.fsh in Resources */ = {isa = PBXBuildFile; fileRef = 095D12DF17ACA36C0048A012 /* Shader.fsh */; };
		095D12E217ACA36C0048A012 /* Shader.vsh in Resources */ = {isa = PBXBuildFile; fileRef = 095D12E117ACA36C0048A012 /* Shader.vsh */; };
		095D12E517ACA36C0048A012 /* AGViewController.mm in Sources */ = {isa = PBXBuildFile; fileRef = 095D12E417ACA36C0048A012 /* AGViewController.mm */; };
		095D12E817ACA36C0048A012 /* AGViewController.xib in Resources */ = {isa = PBXBuildFile; fileRef = 095D12E617ACA36C0048A012 /* AGViewController.xib */; };
		095D12FB17ACAA100048A012 /* Geometry.cpp in Sources */ = {isa = PBXBuildFile; fileRef = 095D12F617ACAA100048A012 /* Geometry.cpp */; };
		095D12FC17ACAA100048A012 /* Texture.mm in Sources */ = {isa = PBXBuildFile; fileRef = 095D12FA17ACAA100048A012 /* Texture.mm */; };
		095D12FF17ACAB7B0048A012 /* ShaderHelper.m in Sources */ = {isa = PBXBuildFile; fileRef = 095D12FE17ACAB7B0048A012 /* ShaderHelper.m */; };
		095E851F17B354BE0065EF8E /* libcommon.a in Frameworks */ = {isa = PBXBuildFile; fileRef = 095E850F17B354BE0065EF8E /* libcommon.a */; };
		095E852017B354BE0065EF8E /* libfeatureextractorcommon.a in Frameworks */ = {isa = PBXBuildFile; fileRef = 095E851017B354BE0065EF8E /* libfeatureextractorcommon.a */; };
		095E852217B354BE0065EF8E /* liblipiengine.a in Frameworks */ = {isa = PBXBuildFile; fileRef = 095E851217B354BE0065EF8E /* liblipiengine.a */; };
		095E852517B354BE0065EF8E /* libnn.a in Frameworks */ = {isa = PBXBuildFile; fileRef = 095E851517B354BE0065EF8E /* libnn.a */; };
		095E852717B354BE0065EF8E /* libpointfloat.a in Frameworks */ = {isa = PBXBuildFile; fileRef = 095E851717B354BE0065EF8E /* libpointfloat.a */; };
		095E852817B354BE0065EF8E /* libpreproc.a in Frameworks */ = {isa = PBXBuildFile; fileRef = 095E851817B354BE0065EF8E /* libpreproc.a */; };
		095E852917B354BE0065EF8E /* libshaperecommon.a in Frameworks */ = {isa = PBXBuildFile; fileRef = 095E851917B354BE0065EF8E /* libshaperecommon.a */; };
		095E852B17B354BE0065EF8E /* libutil.a in Frameworks */ = {isa = PBXBuildFile; fileRef = 095E851B17B354BE0065EF8E /* libutil.a */; };
		095E852C17B354BE0065EF8E /* libwordreccommon.a in Frameworks */ = {isa = PBXBuildFile; fileRef = 095E851C17B354BE0065EF8E /* libwordreccommon.a */; };
		095E852E17B358B00065EF8E /* projects in Resources */ = {isa = PBXBuildFile; fileRef = 095E852D17B358B00065EF8E /* projects */; };
		095E853117B358FC0065EF8E /* shaperectst.mm in Sources */ = {isa = PBXBuildFile; fileRef = 095E852F17B358FC0065EF8E /* shaperectst.mm */; };
		095E854217B5E1D30065EF8E /* AGHandwritingRecognizer.mm in Sources */ = {isa = PBXBuildFile; fileRef = 095E854117B5E1D30065EF8E /* AGHandwritingRecognizer.mm */; };
		0987409C17B98D7C0098511A /* AGNode.mm in Sources */ = {isa = PBXBuildFile; fileRef = 0987409A17B98D7C0098511A /* AGNode.mm */; };
		098740A017BA2AB90098511A /* mo_audio.mm in Sources */ = {isa = PBXBuildFile; fileRef = 0987409E17BA2AB90098511A /* mo_audio.mm */; };
		098740A317BA2EA70098511A /* AGAudioManager.mm in Sources */ = {isa = PBXBuildFile; fileRef = 098740A217BA2EA70098511A /* AGAudioManager.mm */; };
		098740A617BA317E0098511A /* AudioToolbox.framework in Frameworks */ = {isa = PBXBuildFile; fileRef = 098740A417BA317E0098511A /* AudioToolbox.framework */; };
		098740AA17BB99DE0098511A /* TexFont.mm in Sources */ = {isa = PBXBuildFile; fileRef = 098740A817BB99DE0098511A /* TexFont.mm */; };
		098740AD17BC377E0098511A /* AGAudioNode.mm in Sources */ = {isa = PBXBuildFile; fileRef = 098740AB17BC377E0098511A /* AGAudioNode.mm */; };
		098740B017BC527E0098511A /* ES2Render.mm in Sources */ = {isa = PBXBuildFile; fileRef = 098740AE17BC527E0098511A /* ES2Render.mm */; };
		098740B317BC61410098511A /* AGUserInterface.mm in Sources */ = {isa = PBXBuildFile; fileRef = 098740B117BC61410098511A /* AGUserInterface.mm */; };
		098740B517BCBA4C0098511A /* Consolas.ttf in Resources */ = {isa = PBXBuildFile; fileRef = 098740B417BCBA4C0098511A /* Consolas.ttf */; };
		098740BA17BCC2EA0098511A /* TexFont.fsh in Resources */ = {isa = PBXBuildFile; fileRef = 098740B617BCC16B0098511A /* TexFont.fsh */; };
		098740BB17BCC2EC0098511A /* TexFont.vsh in Resources */ = {isa = PBXBuildFile; fileRef = 098740B717BCC16B0098511A /* TexFont.vsh */; };
		098740BD17BCD9820098511A /* CoreText.framework in Frameworks */ = {isa = PBXBuildFile; fileRef = 098740BC17BCD9810098511A /* CoreText.framework */; };
		098740BF17BCE0130098511A /* Perfect DOS VGA 437.ttf in Resources */ = {isa = PBXBuildFile; fileRef = 098740BE17BCE0130098511A /* Perfect DOS VGA 437.ttf */; };
/* End PBXBuildFile section */

/* Begin PBXFileReference section */
		095D12C017ACA36C0048A012 /* Auragraph.app */ = {isa = PBXFileReference; explicitFileType = wrapper.application; includeInIndex = 0; path = Auragraph.app; sourceTree = BUILT_PRODUCTS_DIR; };
		095D12C317ACA36C0048A012 /* UIKit.framework */ = {isa = PBXFileReference; lastKnownFileType = wrapper.framework; name = UIKit.framework; path = System/Library/Frameworks/UIKit.framework; sourceTree = SDKROOT; };
		095D12C517ACA36C0048A012 /* Foundation.framework */ = {isa = PBXFileReference; lastKnownFileType = wrapper.framework; name = Foundation.framework; path = System/Library/Frameworks/Foundation.framework; sourceTree = SDKROOT; };
		095D12C717ACA36C0048A012 /* CoreGraphics.framework */ = {isa = PBXFileReference; lastKnownFileType = wrapper.framework; name = CoreGraphics.framework; path = System/Library/Frameworks/CoreGraphics.framework; sourceTree = SDKROOT; };
		095D12C917ACA36C0048A012 /* GLKit.framework */ = {isa = PBXFileReference; lastKnownFileType = wrapper.framework; name = GLKit.framework; path = System/Library/Frameworks/GLKit.framework; sourceTree = SDKROOT; };
		095D12CB17ACA36C0048A012 /* OpenGLES.framework */ = {isa = PBXFileReference; lastKnownFileType = wrapper.framework; name = OpenGLES.framework; path = System/Library/Frameworks/OpenGLES.framework; sourceTree = SDKROOT; };
		095D12CF17ACA36C0048A012 /* Auragraph-Info.plist */ = {isa = PBXFileReference; lastKnownFileType = text.plist.xml; path = "Auragraph-Info.plist"; sourceTree = "<group>"; };
		095D12D117ACA36C0048A012 /* en */ = {isa = PBXFileReference; lastKnownFileType = text.plist.strings; name = en; path = en.lproj/InfoPlist.strings; sourceTree = "<group>"; };
		095D12D317ACA36C0048A012 /* main.m */ = {isa = PBXFileReference; lastKnownFileType = sourcecode.c.objc; path = main.m; sourceTree = "<group>"; };
		095D12D517ACA36C0048A012 /* Auragraph-Prefix.pch */ = {isa = PBXFileReference; lastKnownFileType = sourcecode.c.h; path = "Auragraph-Prefix.pch"; sourceTree = "<group>"; };
		095D12D617ACA36C0048A012 /* AGAppDelegate.h */ = {isa = PBXFileReference; lastKnownFileType = sourcecode.c.h; path = AGAppDelegate.h; sourceTree = "<group>"; };
		095D12D717ACA36C0048A012 /* AGAppDelegate.m */ = {isa = PBXFileReference; lastKnownFileType = sourcecode.c.objc; path = AGAppDelegate.m; sourceTree = "<group>"; };
		095D12D917ACA36C0048A012 /* Default.png */ = {isa = PBXFileReference; lastKnownFileType = image.png; path = Default.png; sourceTree = "<group>"; };
		095D12DB17ACA36C0048A012 /* Default@2x.png */ = {isa = PBXFileReference; lastKnownFileType = image.png; path = "Default@2x.png"; sourceTree = "<group>"; };
		095D12DD17ACA36C0048A012 /* Default-568h@2x.png */ = {isa = PBXFileReference; lastKnownFileType = image.png; path = "Default-568h@2x.png"; sourceTree = "<group>"; };
		095D12DF17ACA36C0048A012 /* Shader.fsh */ = {isa = PBXFileReference; lastKnownFileType = sourcecode.glsl; name = Shader.fsh; path = Shaders/Shader.fsh; sourceTree = "<group>"; };
		095D12E117ACA36C0048A012 /* Shader.vsh */ = {isa = PBXFileReference; lastKnownFileType = sourcecode.glsl; name = Shader.vsh; path = Shaders/Shader.vsh; sourceTree = "<group>"; };
		095D12E317ACA36C0048A012 /* AGViewController.h */ = {isa = PBXFileReference; lastKnownFileType = sourcecode.c.h; path = AGViewController.h; sourceTree = "<group>"; };
		095D12E417ACA36C0048A012 /* AGViewController.mm */ = {isa = PBXFileReference; lastKnownFileType = sourcecode.cpp.objcpp; path = AGViewController.mm; sourceTree = "<group>"; };
		095D12E717ACA36C0048A012 /* en */ = {isa = PBXFileReference; lastKnownFileType = file.xib; name = en; path = en.lproj/AGViewController.xib; sourceTree = "<group>"; };
		095D12F617ACAA100048A012 /* Geometry.cpp */ = {isa = PBXFileReference; fileEncoding = 4; lastKnownFileType = sourcecode.cpp.cpp; path = Geometry.cpp; sourceTree = "<group>"; };
		095D12F717ACAA100048A012 /* Geometry.h */ = {isa = PBXFileReference; fileEncoding = 4; lastKnownFileType = sourcecode.c.h; path = Geometry.h; sourceTree = "<group>"; };
		095D12F817ACAA100048A012 /* hsv.h */ = {isa = PBXFileReference; fileEncoding = 4; lastKnownFileType = sourcecode.c.h; path = hsv.h; sourceTree = "<group>"; };
		095D12F917ACAA100048A012 /* Texture.h */ = {isa = PBXFileReference; fileEncoding = 4; lastKnownFileType = sourcecode.c.h; path = Texture.h; sourceTree = "<group>"; };
		095D12FA17ACAA100048A012 /* Texture.mm */ = {isa = PBXFileReference; fileEncoding = 4; lastKnownFileType = sourcecode.cpp.objcpp; path = Texture.mm; sourceTree = "<group>"; };
		095D12FD17ACAB7B0048A012 /* ShaderHelper.h */ = {isa = PBXFileReference; fileEncoding = 4; lastKnownFileType = sourcecode.c.h; path = ShaderHelper.h; sourceTree = "<group>"; };
		095D12FE17ACAB7B0048A012 /* ShaderHelper.m */ = {isa = PBXFileReference; fileEncoding = 4; lastKnownFileType = sourcecode.c.objc; path = ShaderHelper.m; sourceTree = "<group>"; };
		095D130017ACC5120048A012 /* UIKitGL.h */ = {isa = PBXFileReference; lastKnownFileType = sourcecode.c.h; path = UIKitGL.h; sourceTree = "<group>"; };
		095E84EC17B354BE0065EF8E /* LTKCaptureDevice.h */ = {isa = PBXFileReference; fileEncoding = 4; lastKnownFileType = sourcecode.c.h; path = LTKCaptureDevice.h; sourceTree = "<group>"; };
		095E84ED17B354BE0065EF8E /* LTKChannel.h */ = {isa = PBXFileReference; fileEncoding = 4; lastKnownFileType = sourcecode.c.h; path = LTKChannel.h; sourceTree = "<group>"; };
		095E84EE17B354BE0065EF8E /* LTKClassifierDefaults.h */ = {isa = PBXFileReference; fileEncoding = 4; lastKnownFileType = sourcecode.c.h; path = LTKClassifierDefaults.h; sourceTree = "<group>"; };
		095E84EF17B354BE0065EF8E /* LTKErrorsList.h */ = {isa = PBXFileReference; fileEncoding = 4; lastKnownFileType = sourcecode.c.h; path = LTKErrorsList.h; sourceTree = "<group>"; };
		095E84F017B354BE0065EF8E /* LTKException.h */ = {isa = PBXFileReference; fileEncoding = 4; lastKnownFileType = sourcecode.c.h; path = LTKException.h; sourceTree = "<group>"; };
		095E84F117B354BE0065EF8E /* LTKInc.h */ = {isa = PBXFileReference; fileEncoding = 4; lastKnownFileType = sourcecode.c.h; path = LTKInc.h; sourceTree = "<group>"; };
		095E84F217B354BE0065EF8E /* LTKLipiEngineInterface.h */ = {isa = PBXFileReference; fileEncoding = 4; lastKnownFileType = sourcecode.c.h; path = LTKLipiEngineInterface.h; sourceTree = "<group>"; };
		095E84F317B354BE0065EF8E /* LTKLogger.h */ = {isa = PBXFileReference; fileEncoding = 4; lastKnownFileType = sourcecode.c.h; path = LTKLogger.h; sourceTree = "<group>"; };
		095E84F417B354BE0065EF8E /* LTKLoggerInterface.h */ = {isa = PBXFileReference; fileEncoding = 4; lastKnownFileType = sourcecode.c.h; path = LTKLoggerInterface.h; sourceTree = "<group>"; };
		095E84F517B354BE0065EF8E /* LTKMacros.h */ = {isa = PBXFileReference; fileEncoding = 4; lastKnownFileType = sourcecode.c.h; path = LTKMacros.h; sourceTree = "<group>"; };
		095E84F617B354BE0065EF8E /* LTKOSUtil.h */ = {isa = PBXFileReference; fileEncoding = 4; lastKnownFileType = sourcecode.c.h; path = LTKOSUtil.h; sourceTree = "<group>"; };
		095E84F717B354BE0065EF8E /* LTKOSUtilFactory.h */ = {isa = PBXFileReference; fileEncoding = 4; lastKnownFileType = sourcecode.c.h; path = LTKOSUtilFactory.h; sourceTree = "<group>"; };
		095E84F817B354BE0065EF8E /* LTKPreprocDefaults.h */ = {isa = PBXFileReference; fileEncoding = 4; lastKnownFileType = sourcecode.c.h; path = LTKPreprocDefaults.h; sourceTree = "<group>"; };
		095E84F917B354BE0065EF8E /* LTKPreprocessor.h */ = {isa = PBXFileReference; fileEncoding = 4; lastKnownFileType = sourcecode.c.h; path = LTKPreprocessor.h; sourceTree = "<group>"; };
		095E84FA17B354BE0065EF8E /* LTKPreprocessorInterface.h */ = {isa = PBXFileReference; fileEncoding = 4; lastKnownFileType = sourcecode.c.h; path = LTKPreprocessorInterface.h; sourceTree = "<group>"; };
		095E84FB17B354BE0065EF8E /* LTKRecognitionContext.h */ = {isa = PBXFileReference; fileEncoding = 4; lastKnownFileType = sourcecode.c.h; path = LTKRecognitionContext.h; sourceTree = "<group>"; };
		095E84FC17B354BE0065EF8E /* LTKRefCountedPtr.h */ = {isa = PBXFileReference; fileEncoding = 4; lastKnownFileType = sourcecode.c.h; path = LTKRefCountedPtr.h; sourceTree = "<group>"; };
		095E84FD17B354BE0065EF8E /* LTKScreenContext.h */ = {isa = PBXFileReference; fileEncoding = 4; lastKnownFileType = sourcecode.c.h; path = LTKScreenContext.h; sourceTree = "<group>"; };
		095E84FE17B354BE0065EF8E /* LTKShapeFeatureMacros.h */ = {isa = PBXFileReference; fileEncoding = 4; lastKnownFileType = sourcecode.c.h; path = LTKShapeFeatureMacros.h; sourceTree = "<group>"; };
		095E84FF17B354BE0065EF8E /* LTKShapeRecoConfig.h */ = {isa = PBXFileReference; fileEncoding = 4; lastKnownFileType = sourcecode.c.h; path = LTKShapeRecoConfig.h; sourceTree = "<group>"; };
		095E850017B354BE0065EF8E /* LTKShapeRecoEngine.h */ = {isa = PBXFileReference; fileEncoding = 4; lastKnownFileType = sourcecode.c.h; path = LTKShapeRecoEngine.h; sourceTree = "<group>"; };
		095E850117B354BE0065EF8E /* LTKShapeRecognizer.h */ = {isa = PBXFileReference; fileEncoding = 4; lastKnownFileType = sourcecode.c.h; path = LTKShapeRecognizer.h; sourceTree = "<group>"; };
		095E850217B354BE0065EF8E /* LTKShapeRecoResult.h */ = {isa = PBXFileReference; fileEncoding = 4; lastKnownFileType = sourcecode.c.h; path = LTKShapeRecoResult.h; sourceTree = "<group>"; };
		095E850317B354BE0065EF8E /* LTKShapeRecoUtil.h */ = {isa = PBXFileReference; fileEncoding = 4; lastKnownFileType = sourcecode.c.h; path = LTKShapeRecoUtil.h; sourceTree = "<group>"; };
		095E850417B354BE0065EF8E /* LTKTrace.h */ = {isa = PBXFileReference; fileEncoding = 4; lastKnownFileType = sourcecode.c.h; path = LTKTrace.h; sourceTree = "<group>"; };
		095E850517B354BE0065EF8E /* LTKTraceFormat.h */ = {isa = PBXFileReference; fileEncoding = 4; lastKnownFileType = sourcecode.c.h; path = LTKTraceFormat.h; sourceTree = "<group>"; };
		095E850617B354BE0065EF8E /* LTKTraceGroup.h */ = {isa = PBXFileReference; fileEncoding = 4; lastKnownFileType = sourcecode.c.h; path = LTKTraceGroup.h; sourceTree = "<group>"; };
		095E850717B354BE0065EF8E /* LTKTypes.h */ = {isa = PBXFileReference; fileEncoding = 4; lastKnownFileType = sourcecode.c.h; path = LTKTypes.h; sourceTree = "<group>"; };
		095E850817B354BE0065EF8E /* LTKWordRecoConfig.h */ = {isa = PBXFileReference; fileEncoding = 4; lastKnownFileType = sourcecode.c.h; path = LTKWordRecoConfig.h; sourceTree = "<group>"; };
		095E850917B354BE0065EF8E /* LTKWordRecognizer.h */ = {isa = PBXFileReference; fileEncoding = 4; lastKnownFileType = sourcecode.c.h; path = LTKWordRecognizer.h; sourceTree = "<group>"; };
		095E850A17B354BE0065EF8E /* LTKWordRecoResult.h */ = {isa = PBXFileReference; fileEncoding = 4; lastKnownFileType = sourcecode.c.h; path = LTKWordRecoResult.h; sourceTree = "<group>"; };
		095E850B17B354BE0065EF8E /* TpcError.h */ = {isa = PBXFileReference; fileEncoding = 4; lastKnownFileType = sourcecode.c.h; path = TpcError.h; sourceTree = "<group>"; };
		095E850D17B354BE0065EF8E /* libactivedtw.a */ = {isa = PBXFileReference; lastKnownFileType = archive.ar; path = libactivedtw.a; sourceTree = "<group>"; };
		095E850E17B354BE0065EF8E /* libboxfld.a */ = {isa = PBXFileReference; lastKnownFileType = archive.ar; path = libboxfld.a; sourceTree = "<group>"; };
		095E850F17B354BE0065EF8E /* libcommon.a */ = {isa = PBXFileReference; lastKnownFileType = archive.ar; path = libcommon.a; sourceTree = "<group>"; };
		095E851017B354BE0065EF8E /* libfeatureextractorcommon.a */ = {isa = PBXFileReference; lastKnownFileType = archive.ar; path = libfeatureextractorcommon.a; sourceTree = "<group>"; };
		095E851117B354BE0065EF8E /* libl7.a */ = {isa = PBXFileReference; lastKnownFileType = archive.ar; path = libl7.a; sourceTree = "<group>"; };
		095E851217B354BE0065EF8E /* liblipiengine.a */ = {isa = PBXFileReference; lastKnownFileType = archive.ar; path = liblipiengine.a; sourceTree = "<group>"; };
		095E851317B354BE0065EF8E /* liblogger.a */ = {isa = PBXFileReference; lastKnownFileType = archive.ar; path = liblogger.a; sourceTree = "<group>"; };
		095E851417B354BE0065EF8E /* libneuralnet.a */ = {isa = PBXFileReference; lastKnownFileType = archive.ar; path = libneuralnet.a; sourceTree = "<group>"; };
		095E851517B354BE0065EF8E /* libnn.a */ = {isa = PBXFileReference; lastKnownFileType = archive.ar; path = libnn.a; sourceTree = "<group>"; };
		095E851617B354BE0065EF8E /* libnpen.a */ = {isa = PBXFileReference; lastKnownFileType = archive.ar; path = libnpen.a; sourceTree = "<group>"; };
		095E851717B354BE0065EF8E /* libpointfloat.a */ = {isa = PBXFileReference; lastKnownFileType = archive.ar; path = libpointfloat.a; sourceTree = "<group>"; };
		095E851817B354BE0065EF8E /* libpreproc.a */ = {isa = PBXFileReference; lastKnownFileType = archive.ar; path = libpreproc.a; sourceTree = "<group>"; };
		095E851917B354BE0065EF8E /* libshaperecommon.a */ = {isa = PBXFileReference; lastKnownFileType = archive.ar; path = libshaperecommon.a; sourceTree = "<group>"; };
		095E851A17B354BE0065EF8E /* libsubstroke.a */ = {isa = PBXFileReference; lastKnownFileType = archive.ar; path = libsubstroke.a; sourceTree = "<group>"; };
		095E851B17B354BE0065EF8E /* libutil.a */ = {isa = PBXFileReference; lastKnownFileType = archive.ar; path = libutil.a; sourceTree = "<group>"; };
		095E851C17B354BE0065EF8E /* libwordreccommon.a */ = {isa = PBXFileReference; lastKnownFileType = archive.ar; path = libwordreccommon.a; sourceTree = "<group>"; };
		095E852D17B358B00065EF8E /* projects */ = {isa = PBXFileReference; lastKnownFileType = folder; path = projects; sourceTree = "<group>"; };
		095E852F17B358FC0065EF8E /* shaperectst.mm */ = {isa = PBXFileReference; fileEncoding = 4; lastKnownFileType = sourcecode.cpp.objcpp; path = shaperectst.mm; sourceTree = "<group>"; };
		095E853017B358FC0065EF8E /* shaperectst.h */ = {isa = PBXFileReference; fileEncoding = 4; lastKnownFileType = sourcecode.c.h; path = shaperectst.h; sourceTree = "<group>"; };
		095E853217B35A330065EF8E /* LTKCheckSumGenerate.h */ = {isa = PBXFileReference; lastKnownFileType = sourcecode.c.h; path = LTKCheckSumGenerate.h; sourceTree = "<group>"; };
		095E853317B35A330065EF8E /* LTKConfigFileReader.h */ = {isa = PBXFileReference; lastKnownFileType = sourcecode.c.h; path = LTKConfigFileReader.h; sourceTree = "<group>"; };
		095E853417B35A330065EF8E /* LTKDynamicTimeWarping.h */ = {isa = PBXFileReference; lastKnownFileType = sourcecode.c.h; path = LTKDynamicTimeWarping.h; sourceTree = "<group>"; };
		095E853517B35A330065EF8E /* LTKErrors.h */ = {isa = PBXFileReference; lastKnownFileType = sourcecode.c.h; path = LTKErrors.h; sourceTree = "<group>"; };
		095E853617B35A330065EF8E /* LTKHierarchicalClustering.h */ = {isa = PBXFileReference; lastKnownFileType = sourcecode.c.h; path = LTKHierarchicalClustering.h; sourceTree = "<group>"; };
		095E853717B35A330065EF8E /* LTKImageWriter.h */ = {isa = PBXFileReference; lastKnownFileType = sourcecode.c.h; path = LTKImageWriter.h; sourceTree = "<group>"; };
		095E853817B35A330065EF8E /* LTKInkFileReader.h */ = {isa = PBXFileReference; lastKnownFileType = sourcecode.c.h; path = LTKInkFileReader.h; sourceTree = "<group>"; };
		095E853917B35A330065EF8E /* LTKInkFileWriter.h */ = {isa = PBXFileReference; lastKnownFileType = sourcecode.c.h; path = LTKInkFileWriter.h; sourceTree = "<group>"; };
		095E853A17B35A330065EF8E /* LTKInkUtils.h */ = {isa = PBXFileReference; lastKnownFileType = sourcecode.c.h; path = LTKInkUtils.h; sourceTree = "<group>"; };
		095E853B17B35A330065EF8E /* LTKLinuxUtil.h */ = {isa = PBXFileReference; lastKnownFileType = sourcecode.c.h; path = LTKLinuxUtil.h; sourceTree = "<group>"; };
		095E853C17B35A330065EF8E /* LTKLoggerUtil.h */ = {isa = PBXFileReference; lastKnownFileType = sourcecode.c.h; path = LTKLoggerUtil.h; sourceTree = "<group>"; };
		095E853D17B35A330065EF8E /* LTKStrEncoding.h */ = {isa = PBXFileReference; lastKnownFileType = sourcecode.c.h; path = LTKStrEncoding.h; sourceTree = "<group>"; };
		095E853E17B35A330065EF8E /* LTKStringUtil.h */ = {isa = PBXFileReference; lastKnownFileType = sourcecode.c.h; path = LTKStringUtil.h; sourceTree = "<group>"; };
		095E853F17B35A330065EF8E /* LTKVersionCompatibilityCheck.h */ = {isa = PBXFileReference; lastKnownFileType = sourcecode.c.h; path = LTKVersionCompatibilityCheck.h; sourceTree = "<group>"; };
		095E854017B5E1D30065EF8E /* AGHandwritingRecognizer.h */ = {isa = PBXFileReference; fileEncoding = 4; lastKnownFileType = sourcecode.c.h; path = AGHandwritingRecognizer.h; sourceTree = "<group>"; };
		095E854117B5E1D30065EF8E /* AGHandwritingRecognizer.mm */ = {isa = PBXFileReference; fileEncoding = 4; lastKnownFileType = sourcecode.cpp.objcpp; path = AGHandwritingRecognizer.mm; sourceTree = "<group>"; };
		0987409A17B98D7C0098511A /* AGNode.mm */ = {isa = PBXFileReference; fileEncoding = 4; lastKnownFileType = sourcecode.cpp.objcpp; path = AGNode.mm; sourceTree = "<group>"; };
		0987409B17B98D7C0098511A /* AGNode.h */ = {isa = PBXFileReference; fileEncoding = 4; lastKnownFileType = sourcecode.c.h; path = AGNode.h; sourceTree = "<group>"; };
		0987409D17BA2AB90098511A /* mo_audio.h */ = {isa = PBXFileReference; fileEncoding = 4; lastKnownFileType = sourcecode.c.h; path = mo_audio.h; sourceTree = "<group>"; };
		0987409E17BA2AB90098511A /* mo_audio.mm */ = {isa = PBXFileReference; fileEncoding = 4; lastKnownFileType = sourcecode.cpp.objcpp; path = mo_audio.mm; sourceTree = "<group>"; };
		0987409F17BA2AB90098511A /* mo_def.h */ = {isa = PBXFileReference; fileEncoding = 4; lastKnownFileType = sourcecode.c.h; path = mo_def.h; sourceTree = "<group>"; };
		098740A117BA2EA70098511A /* AGAudioManager.h */ = {isa = PBXFileReference; fileEncoding = 4; lastKnownFileType = sourcecode.c.h; path = AGAudioManager.h; sourceTree = "<group>"; };
		098740A217BA2EA70098511A /* AGAudioManager.mm */ = {isa = PBXFileReference; fileEncoding = 4; lastKnownFileType = sourcecode.cpp.objcpp; path = AGAudioManager.mm; sourceTree = "<group>"; };
		098740A417BA317E0098511A /* AudioToolbox.framework */ = {isa = PBXFileReference; lastKnownFileType = wrapper.framework; name = AudioToolbox.framework; path = System/Library/Frameworks/AudioToolbox.framework; sourceTree = SDKROOT; };
		098740A817BB99DE0098511A /* TexFont.mm */ = {isa = PBXFileReference; fileEncoding = 4; lastKnownFileType = sourcecode.cpp.objcpp; path = TexFont.mm; sourceTree = "<group>"; };
		098740A917BB99DE0098511A /* TexFont.h */ = {isa = PBXFileReference; fileEncoding = 4; lastKnownFileType = sourcecode.c.h; path = TexFont.h; sourceTree = "<group>"; };
		098740AB17BC377E0098511A /* AGAudioNode.mm */ = {isa = PBXFileReference; fileEncoding = 4; lastKnownFileType = sourcecode.cpp.objcpp; path = AGAudioNode.mm; sourceTree = "<group>"; };
		098740AC17BC377E0098511A /* AGAudioNode.h */ = {isa = PBXFileReference; fileEncoding = 4; lastKnownFileType = sourcecode.c.h; path = AGAudioNode.h; sourceTree = "<group>"; };
		098740AE17BC527E0098511A /* ES2Render.mm */ = {isa = PBXFileReference; fileEncoding = 4; lastKnownFileType = sourcecode.cpp.objcpp; path = ES2Render.mm; sourceTree = "<group>"; };
		098740AF17BC527E0098511A /* ES2Render.h */ = {isa = PBXFileReference; fileEncoding = 4; lastKnownFileType = sourcecode.c.h; path = ES2Render.h; sourceTree = "<group>"; };
		098740B117BC61410098511A /* AGUserInterface.mm */ = {isa = PBXFileReference; fileEncoding = 4; lastKnownFileType = sourcecode.cpp.objcpp; path = AGUserInterface.mm; sourceTree = "<group>"; };
		098740B217BC61410098511A /* AGUserInterface.h */ = {isa = PBXFileReference; fileEncoding = 4; lastKnownFileType = sourcecode.c.h; path = AGUserInterface.h; sourceTree = "<group>"; };
		098740B417BCBA4C0098511A /* Consolas.ttf */ = {isa = PBXFileReference; lastKnownFileType = file; path = Consolas.ttf; sourceTree = "<group>"; };
		098740B617BCC16B0098511A /* TexFont.fsh */ = {isa = PBXFileReference; fileEncoding = 4; lastKnownFileType = sourcecode.glsl; path = TexFont.fsh; sourceTree = "<group>"; };
		098740B717BCC16B0098511A /* TexFont.vsh */ = {isa = PBXFileReference; fileEncoding = 4; lastKnownFileType = sourcecode.glsl; path = TexFont.vsh; sourceTree = "<group>"; };
		098740BC17BCD9810098511A /* CoreText.framework */ = {isa = PBXFileReference; lastKnownFileType = wrapper.framework; name = CoreText.framework; path = System/Library/Frameworks/CoreText.framework; sourceTree = SDKROOT; };
		098740BE17BCE0130098511A /* Perfect DOS VGA 437.ttf */ = {isa = PBXFileReference; lastKnownFileType = file; path = "Perfect DOS VGA 437.ttf"; sourceTree = "<group>"; };
/* End PBXFileReference section */

/* Begin PBXFrameworksBuildPhase section */
		095D12BD17ACA36C0048A012 /* Frameworks */ = {
			isa = PBXFrameworksBuildPhase;
			buildActionMask = 2147483647;
			files = (
				098740BD17BCD9820098511A /* CoreText.framework in Frameworks */,
				098740A617BA317E0098511A /* AudioToolbox.framework in Frameworks */,
				095D12C417ACA36C0048A012 /* UIKit.framework in Frameworks */,
				095D12C617ACA36C0048A012 /* Foundation.framework in Frameworks */,
				095D12C817ACA36C0048A012 /* CoreGraphics.framework in Frameworks */,
				095D12CA17ACA36C0048A012 /* GLKit.framework in Frameworks */,
				095D12CC17ACA36C0048A012 /* OpenGLES.framework in Frameworks */,
				095E851F17B354BE0065EF8E /* libcommon.a in Frameworks */,
				095E852017B354BE0065EF8E /* libfeatureextractorcommon.a in Frameworks */,
				095E852217B354BE0065EF8E /* liblipiengine.a in Frameworks */,
				095E852517B354BE0065EF8E /* libnn.a in Frameworks */,
				095E852717B354BE0065EF8E /* libpointfloat.a in Frameworks */,
				095E852817B354BE0065EF8E /* libpreproc.a in Frameworks */,
				095E852917B354BE0065EF8E /* libshaperecommon.a in Frameworks */,
				095E852B17B354BE0065EF8E /* libutil.a in Frameworks */,
				095E852C17B354BE0065EF8E /* libwordreccommon.a in Frameworks */,
			);
			runOnlyForDeploymentPostprocessing = 0;
		};
/* End PBXFrameworksBuildPhase section */

/* Begin PBXGroup section */
		095D12B717ACA36C0048A012 = {
			isa = PBXGroup;
			children = (
				095D12EE17ACA9CA0048A012 /* libsp */,
				095D12CD17ACA36C0048A012 /* Auragraph */,
				095D12C217ACA36C0048A012 /* Frameworks */,
				095D12C117ACA36C0048A012 /* Products */,
			);
			sourceTree = "<group>";
		};
		095D12C117ACA36C0048A012 /* Products */ = {
			isa = PBXGroup;
			children = (
				095D12C017ACA36C0048A012 /* Auragraph.app */,
			);
			name = Products;
			sourceTree = "<group>";
		};
		095D12C217ACA36C0048A012 /* Frameworks */ = {
			isa = PBXGroup;
			children = (
				098740BC17BCD9810098511A /* CoreText.framework */,
				098740A417BA317E0098511A /* AudioToolbox.framework */,
				095E84EA17B354BE0065EF8E /* LipiTk */,
				095D12C317ACA36C0048A012 /* UIKit.framework */,
				095D12C517ACA36C0048A012 /* Foundation.framework */,
				095D12C717ACA36C0048A012 /* CoreGraphics.framework */,
				095D12C917ACA36C0048A012 /* GLKit.framework */,
				095D12CB17ACA36C0048A012 /* OpenGLES.framework */,
			);
			name = Frameworks;
			sourceTree = "<group>";
		};
		095D12CD17ACA36C0048A012 /* Auragraph */ = {
			isa = PBXGroup;
			children = (
				095E852F17B358FC0065EF8E /* shaperectst.mm */,
				095E853017B358FC0065EF8E /* shaperectst.h */,
				095D12D617ACA36C0048A012 /* AGAppDelegate.h */,
				095D12D717ACA36C0048A012 /* AGAppDelegate.m */,
				095D12DF17ACA36C0048A012 /* Shader.fsh */,
				095D12E117ACA36C0048A012 /* Shader.vsh */,
				095D12E317ACA36C0048A012 /* AGViewController.h */,
				095D12E417ACA36C0048A012 /* AGViewController.mm */,
				095D12E617ACA36C0048A012 /* AGViewController.xib */,
				095E854017B5E1D30065EF8E /* AGHandwritingRecognizer.h */,
				095E854117B5E1D30065EF8E /* AGHandwritingRecognizer.mm */,
				0987409B17B98D7C0098511A /* AGNode.h */,
				0987409A17B98D7C0098511A /* AGNode.mm */,
				098740A117BA2EA70098511A /* AGAudioManager.h */,
				098740A217BA2EA70098511A /* AGAudioManager.mm */,
				098740AC17BC377E0098511A /* AGAudioNode.h */,
				098740AB17BC377E0098511A /* AGAudioNode.mm */,
				098740B217BC61410098511A /* AGUserInterface.h */,
				098740B117BC61410098511A /* AGUserInterface.mm */,
				095D12CE17ACA36C0048A012 /* Supporting Files */,
			);
			path = Auragraph;
			sourceTree = "<group>";
		};
		095D12CE17ACA36C0048A012 /* Supporting Files */ = {
			isa = PBXGroup;
			children = (
				098740BE17BCE0130098511A /* Perfect DOS VGA 437.ttf */,
				098740B417BCBA4C0098511A /* Consolas.ttf */,
				095D12CF17ACA36C0048A012 /* Auragraph-Info.plist */,
				095D12D017ACA36C0048A012 /* InfoPlist.strings */,
				095D12D317ACA36C0048A012 /* main.m */,
				095D12D517ACA36C0048A012 /* Auragraph-Prefix.pch */,
				095D12D917ACA36C0048A012 /* Default.png */,
				095D12DB17ACA36C0048A012 /* Default@2x.png */,
				095D12DD17ACA36C0048A012 /* Default-568h@2x.png */,
			);
			name = "Supporting Files";
			sourceTree = "<group>";
		};
		095D12EE17ACA9CA0048A012 /* libsp */ = {
			isa = PBXGroup;
			children = (
				0987409D17BA2AB90098511A /* mo_audio.h */,
				0987409E17BA2AB90098511A /* mo_audio.mm */,
				0987409F17BA2AB90098511A /* mo_def.h */,
				095D12F617ACAA100048A012 /* Geometry.cpp */,
				095D12F717ACAA100048A012 /* Geometry.h */,
				095D12F817ACAA100048A012 /* hsv.h */,
				095D12F917ACAA100048A012 /* Texture.h */,
				095D12FA17ACAA100048A012 /* Texture.mm */,
				095D12FD17ACAB7B0048A012 /* ShaderHelper.h */,
				095D12FE17ACAB7B0048A012 /* ShaderHelper.m */,
				095D130017ACC5120048A012 /* UIKitGL.h */,
				098740A917BB99DE0098511A /* TexFont.h */,
				098740A817BB99DE0098511A /* TexFont.mm */,
				098740B617BCC16B0098511A /* TexFont.fsh */,
				098740B717BCC16B0098511A /* TexFont.vsh */,
				098740AF17BC527E0098511A /* ES2Render.h */,
				098740AE17BC527E0098511A /* ES2Render.mm */,
			);
			path = libsp;
			sourceTree = "<group>";
		};
		095E84EA17B354BE0065EF8E /* LipiTk */ = {
			isa = PBXGroup;
			children = (
				095E852D17B358B00065EF8E /* projects */,
				095E84EB17B354BE0065EF8E /* include */,
				095E850C17B354BE0065EF8E /* lib */,
			);
			path = LipiTk;
			sourceTree = "<group>";
		};
		095E84EB17B354BE0065EF8E /* include */ = {
			isa = PBXGroup;
			children = (
				095E853217B35A330065EF8E /* LTKCheckSumGenerate.h */,
				095E853317B35A330065EF8E /* LTKConfigFileReader.h */,
				095E853417B35A330065EF8E /* LTKDynamicTimeWarping.h */,
				095E853517B35A330065EF8E /* LTKErrors.h */,
				095E853617B35A330065EF8E /* LTKHierarchicalClustering.h */,
				095E853717B35A330065EF8E /* LTKImageWriter.h */,
				095E853817B35A330065EF8E /* LTKInkFileReader.h */,
				095E853917B35A330065EF8E /* LTKInkFileWriter.h */,
				095E853A17B35A330065EF8E /* LTKInkUtils.h */,
				095E853B17B35A330065EF8E /* LTKLinuxUtil.h */,
				095E853C17B35A330065EF8E /* LTKLoggerUtil.h */,
				095E853D17B35A330065EF8E /* LTKStrEncoding.h */,
				095E853E17B35A330065EF8E /* LTKStringUtil.h */,
				095E853F17B35A330065EF8E /* LTKVersionCompatibilityCheck.h */,
				095E84EC17B354BE0065EF8E /* LTKCaptureDevice.h */,
				095E84ED17B354BE0065EF8E /* LTKChannel.h */,
				095E84EE17B354BE0065EF8E /* LTKClassifierDefaults.h */,
				095E84EF17B354BE0065EF8E /* LTKErrorsList.h */,
				095E84F017B354BE0065EF8E /* LTKException.h */,
				095E84F117B354BE0065EF8E /* LTKInc.h */,
				095E84F217B354BE0065EF8E /* LTKLipiEngineInterface.h */,
				095E84F317B354BE0065EF8E /* LTKLogger.h */,
				095E84F417B354BE0065EF8E /* LTKLoggerInterface.h */,
				095E84F517B354BE0065EF8E /* LTKMacros.h */,
				095E84F617B354BE0065EF8E /* LTKOSUtil.h */,
				095E84F717B354BE0065EF8E /* LTKOSUtilFactory.h */,
				095E84F817B354BE0065EF8E /* LTKPreprocDefaults.h */,
				095E84F917B354BE0065EF8E /* LTKPreprocessor.h */,
				095E84FA17B354BE0065EF8E /* LTKPreprocessorInterface.h */,
				095E84FB17B354BE0065EF8E /* LTKRecognitionContext.h */,
				095E84FC17B354BE0065EF8E /* LTKRefCountedPtr.h */,
				095E84FD17B354BE0065EF8E /* LTKScreenContext.h */,
				095E84FE17B354BE0065EF8E /* LTKShapeFeatureMacros.h */,
				095E84FF17B354BE0065EF8E /* LTKShapeRecoConfig.h */,
				095E850017B354BE0065EF8E /* LTKShapeRecoEngine.h */,
				095E850117B354BE0065EF8E /* LTKShapeRecognizer.h */,
				095E850217B354BE0065EF8E /* LTKShapeRecoResult.h */,
				095E850317B354BE0065EF8E /* LTKShapeRecoUtil.h */,
				095E850417B354BE0065EF8E /* LTKTrace.h */,
				095E850517B354BE0065EF8E /* LTKTraceFormat.h */,
				095E850617B354BE0065EF8E /* LTKTraceGroup.h */,
				095E850717B354BE0065EF8E /* LTKTypes.h */,
				095E850817B354BE0065EF8E /* LTKWordRecoConfig.h */,
				095E850917B354BE0065EF8E /* LTKWordRecognizer.h */,
				095E850A17B354BE0065EF8E /* LTKWordRecoResult.h */,
				095E850B17B354BE0065EF8E /* TpcError.h */,
			);
			path = include;
			sourceTree = "<group>";
		};
		095E850C17B354BE0065EF8E /* lib */ = {
			isa = PBXGroup;
			children = (
				095E850D17B354BE0065EF8E /* libactivedtw.a */,
				095E850E17B354BE0065EF8E /* libboxfld.a */,
				095E851417B354BE0065EF8E /* libneuralnet.a */,
				095E851517B354BE0065EF8E /* libnn.a */,
				095E851117B354BE0065EF8E /* libl7.a */,
				095E851617B354BE0065EF8E /* libnpen.a */,
				095E851717B354BE0065EF8E /* libpointfloat.a */,
				095E851817B354BE0065EF8E /* libpreproc.a */,
				095E851A17B354BE0065EF8E /* libsubstroke.a */,
				095E851217B354BE0065EF8E /* liblipiengine.a */,
				095E851317B354BE0065EF8E /* liblogger.a */,
				095E850F17B354BE0065EF8E /* libcommon.a */,
				095E851017B354BE0065EF8E /* libfeatureextractorcommon.a */,
				095E851917B354BE0065EF8E /* libshaperecommon.a */,
				095E851B17B354BE0065EF8E /* libutil.a */,
				095E851C17B354BE0065EF8E /* libwordreccommon.a */,
			);
			path = lib;
			sourceTree = "<group>";
		};
/* End PBXGroup section */

/* Begin PBXNativeTarget section */
		095D12BF17ACA36C0048A012 /* Auragraph */ = {
			isa = PBXNativeTarget;
			buildConfigurationList = 095D12EB17ACA36C0048A012 /* Build configuration list for PBXNativeTarget "Auragraph" */;
			buildPhases = (
				095D12BC17ACA36C0048A012 /* Sources */,
				095D12BD17ACA36C0048A012 /* Frameworks */,
				095D12BE17ACA36C0048A012 /* Resources */,
			);
			buildRules = (
			);
			dependencies = (
			);
			name = Auragraph;
			productName = Auragraph;
			productReference = 095D12C017ACA36C0048A012 /* Auragraph.app */;
			productType = "com.apple.product-type.application";
		};
/* End PBXNativeTarget section */

/* Begin PBXProject section */
		095D12B817ACA36C0048A012 /* Project object */ = {
			isa = PBXProject;
			attributes = {
				CLASSPREFIX = AG;
				LastUpgradeCheck = 0460;
				ORGANIZATIONNAME = "Spencer Salazar";
			};
			buildConfigurationList = 095D12BB17ACA36C0048A012 /* Build configuration list for PBXProject "Auragraph" */;
			compatibilityVersion = "Xcode 3.2";
			developmentRegion = English;
			hasScannedForEncodings = 0;
			knownRegions = (
				en,
			);
			mainGroup = 095D12B717ACA36C0048A012;
			productRefGroup = 095D12C117ACA36C0048A012 /* Products */;
			projectDirPath = "";
			projectRoot = "";
			targets = (
				095D12BF17ACA36C0048A012 /* Auragraph */,
			);
		};
/* End PBXProject section */

/* Begin PBXResourcesBuildPhase section */
		095D12BE17ACA36C0048A012 /* Resources */ = {
			isa = PBXResourcesBuildPhase;
			buildActionMask = 2147483647;
			files = (
				095D12D217ACA36C0048A012 /* InfoPlist.strings in Resources */,
				095D12DA17ACA36C0048A012 /* Default.png in Resources */,
				095D12DC17ACA36C0048A012 /* Default@2x.png in Resources */,
				095D12DE17ACA36C0048A012 /* Default-568h@2x.png in Resources */,
				095D12E017ACA36C0048A012 /* Shader.fsh in Resources */,
				095D12E217ACA36C0048A012 /* Shader.vsh in Resources */,
				098740BA17BCC2EA0098511A /* TexFont.fsh in Resources */,
				098740BB17BCC2EC0098511A /* TexFont.vsh in Resources */,
				095D12E817ACA36C0048A012 /* AGViewController.xib in Resources */,
				095E852E17B358B00065EF8E /* projects in Resources */,
				098740B517BCBA4C0098511A /* Consolas.ttf in Resources */,
				098740BF17BCE0130098511A /* Perfect DOS VGA 437.ttf in Resources */,
			);
			runOnlyForDeploymentPostprocessing = 0;
		};
/* End PBXResourcesBuildPhase section */

/* Begin PBXSourcesBuildPhase section */
		095D12BC17ACA36C0048A012 /* Sources */ = {
			isa = PBXSourcesBuildPhase;
			buildActionMask = 2147483647;
			files = (
				095D12D417ACA36C0048A012 /* main.m in Sources */,
				095D12D817ACA36C0048A012 /* AGAppDelegate.m in Sources */,
				095D12E517ACA36C0048A012 /* AGViewController.mm in Sources */,
				095D12FB17ACAA100048A012 /* Geometry.cpp in Sources */,
				095D12FC17ACAA100048A012 /* Texture.mm in Sources */,
				095D12FF17ACAB7B0048A012 /* ShaderHelper.m in Sources */,
				095E853117B358FC0065EF8E /* shaperectst.mm in Sources */,
				095E854217B5E1D30065EF8E /* AGHandwritingRecognizer.mm in Sources */,
				0987409C17B98D7C0098511A /* AGNode.mm in Sources */,
				098740A017BA2AB90098511A /* mo_audio.mm in Sources */,
				098740A317BA2EA70098511A /* AGAudioManager.mm in Sources */,
				098740AA17BB99DE0098511A /* TexFont.mm in Sources */,
				098740AD17BC377E0098511A /* AGAudioNode.mm in Sources */,
				098740B017BC527E0098511A /* ES2Render.mm in Sources */,
				098740B317BC61410098511A /* AGUserInterface.mm in Sources */,
			);
			runOnlyForDeploymentPostprocessing = 0;
		};
/* End PBXSourcesBuildPhase section */

/* Begin PBXVariantGroup section */
		095D12D017ACA36C0048A012 /* InfoPlist.strings */ = {
			isa = PBXVariantGroup;
			children = (
				095D12D117ACA36C0048A012 /* en */,
			);
			name = InfoPlist.strings;
			sourceTree = "<group>";
		};
		095D12E617ACA36C0048A012 /* AGViewController.xib */ = {
			isa = PBXVariantGroup;
			children = (
				095D12E717ACA36C0048A012 /* en */,
			);
			name = AGViewController.xib;
			sourceTree = "<group>";
		};
/* End PBXVariantGroup section */

/* Begin XCBuildConfiguration section */
		095D12E917ACA36C0048A012 /* Debug */ = {
			isa = XCBuildConfiguration;
			buildSettings = {
				ALWAYS_SEARCH_USER_PATHS = NO;
				CLANG_CXX_LANGUAGE_STANDARD = "gnu++0x";
				CLANG_CXX_LIBRARY = "libc++";
				CLANG_ENABLE_OBJC_ARC = YES;
				CLANG_WARN_CONSTANT_CONVERSION = YES;
				CLANG_WARN_EMPTY_BODY = YES;
				CLANG_WARN_ENUM_CONVERSION = YES;
				CLANG_WARN_INT_CONVERSION = YES;
				CLANG_WARN__DUPLICATE_METHOD_MATCH = YES;
				"CODE_SIGN_IDENTITY[sdk=iphoneos*]" = "iPhone Developer";
				COPY_PHASE_STRIP = NO;
				GCC_C_LANGUAGE_STANDARD = gnu99;
				GCC_DYNAMIC_NO_PIC = NO;
				GCC_OPTIMIZATION_LEVEL = 0;
				GCC_PREPROCESSOR_DEFINITIONS = (
					"DEBUG=1",
					"$(inherited)",
				);
				GCC_SYMBOLS_PRIVATE_EXTERN = NO;
				GCC_WARN_ABOUT_RETURN_TYPE = YES;
				GCC_WARN_UNINITIALIZED_AUTOS = YES;
				GCC_WARN_UNUSED_VARIABLE = YES;
				IPHONEOS_DEPLOYMENT_TARGET = 6.1;
				ONLY_ACTIVE_ARCH = YES;
				SDKROOT = iphoneos;
				TARGETED_DEVICE_FAMILY = 2;
			};
			name = Debug;
		};
		095D12EA17ACA36C0048A012 /* Release */ = {
			isa = XCBuildConfiguration;
			buildSettings = {
				ALWAYS_SEARCH_USER_PATHS = NO;
				CLANG_CXX_LANGUAGE_STANDARD = "gnu++0x";
				CLANG_CXX_LIBRARY = "libc++";
				CLANG_ENABLE_OBJC_ARC = YES;
				CLANG_WARN_CONSTANT_CONVERSION = YES;
				CLANG_WARN_EMPTY_BODY = YES;
				CLANG_WARN_ENUM_CONVERSION = YES;
				CLANG_WARN_INT_CONVERSION = YES;
				CLANG_WARN__DUPLICATE_METHOD_MATCH = YES;
				"CODE_SIGN_IDENTITY[sdk=iphoneos*]" = "iPhone Developer";
				COPY_PHASE_STRIP = YES;
				GCC_C_LANGUAGE_STANDARD = gnu99;
				GCC_WARN_ABOUT_RETURN_TYPE = YES;
				GCC_WARN_UNINITIALIZED_AUTOS = YES;
				GCC_WARN_UNUSED_VARIABLE = YES;
				IPHONEOS_DEPLOYMENT_TARGET = 6.1;
				OTHER_CFLAGS = "-DNS_BLOCK_ASSERTIONS=1";
				SDKROOT = iphoneos;
				TARGETED_DEVICE_FAMILY = 2;
				VALIDATE_PRODUCT = YES;
			};
			name = Release;
		};
		095D12EC17ACA36C0048A012 /* Debug */ = {
			isa = XCBuildConfiguration;
			buildSettings = {
				CLANG_CXX_LIBRARY = "libstdc++";
				DEAD_CODE_STRIPPING = NO;
				GCC_PRECOMPILE_PREFIX_HEADER = YES;
				GCC_PREFIX_HEADER = "Auragraph/Auragraph-Prefix.pch";
				HEADER_SEARCH_PATHS = "\"$(PROJECT_DIR)/LipiTk/include\"";
				INFOPLIST_FILE = "Auragraph/Auragraph-Info.plist";
				KEEP_PRIVATE_EXTERNS = YES;
				LIBRARY_SEARCH_PATHS = (
					"$(inherited)",
					"\"$(SRCROOT)/LipiTk/lib\"",
				);
				OTHER_LDFLAGS = "-all_load";
				PRODUCT_NAME = "$(TARGET_NAME)";
				WRAPPER_EXTENSION = app;
			};
			name = Debug;
		};
		095D12ED17ACA36C0048A012 /* Release */ = {
			isa = XCBuildConfiguration;
			buildSettings = {
				CLANG_CXX_LIBRARY = "libstdc++";
				DEAD_CODE_STRIPPING = NO;
				GCC_PRECOMPILE_PREFIX_HEADER = YES;
				GCC_PREFIX_HEADER = "Auragraph/Auragraph-Prefix.pch";
				HEADER_SEARCH_PATHS = "\"$(PROJECT_DIR)/LipiTk/include\"";
				INFOPLIST_FILE = "Auragraph/Auragraph-Info.plist";
				KEEP_PRIVATE_EXTERNS = YES;
				LIBRARY_SEARCH_PATHS = (
					"$(inherited)",
					"\"$(SRCROOT)/LipiTk/lib\"",
				);
				OTHER_LDFLAGS = "-all_load";
				PRODUCT_NAME = "$(TARGET_NAME)";
				WRAPPER_EXTENSION = app;
			};
			name = Release;
		};
/* End XCBuildConfiguration section */

/* Begin XCConfigurationList section */
		095D12BB17ACA36C0048A012 /* Build configuration list for PBXProject "Auragraph" */ = {
			isa = XCConfigurationList;
			buildConfigurations = (
				095D12E917ACA36C0048A012 /* Debug */,
				095D12EA17ACA36C0048A012 /* Release */,
			);
			defaultConfigurationIsVisible = 0;
			defaultConfigurationName = Release;
		};
		095D12EB17ACA36C0048A012 /* Build configuration list for PBXNativeTarget "Auragraph" */ = {
			isa = XCConfigurationList;
			buildConfigurations = (
				095D12EC17ACA36C0048A012 /* Debug */,
				095D12ED17ACA36C0048A012 /* Release */,
			);
			defaultConfigurationIsVisible = 0;
			defaultConfigurationName = Release;
		};
/* End XCConfigurationList section */
	};
	rootObject = 095D12B817ACA36C0048A012 /* Project object */;
}
